
Microsoft Visual Studio Solution File, Format Version 12.00
Project("{2150E333-8FDC-42A3-9474-1A3956D46DE8}") = "Logger", "Logger", "{BC115CDA-FDE4-4C91-9F92-4EE68FD159F2}"
EndProject
Project("{2150E333-8FDC-42A3-9474-1A3956D46DE8}") = "nc09", "nc09", "{591B3A65-CE4C-4265-BB60-125032CA61BB}"
EndProject
Project("{2150E333-8FDC-42A3-9474-1A3956D46DE8}") = "Components", "Components", "{3B7DB1E3-C1FA-4A69-8F21-24F014AE2366}"
EndProject
Project("{FAE04EC0-301F-11D3-BF4B-00C04F79EFBC}") = "pvNugsLoggerNc9Abstractions", "src\Logger\nc09\Components\pvNugsLoggerNc9Abstractions\pvNugsLoggerNc9Abstractions.csproj", "{25E589B5-FC46-4502-8EFD-76E6706C568C}"
EndProject
Project("{FAE04EC0-301F-11D3-BF4B-00C04F79EFBC}") = "pvNugsLoggerNc9", "src\Logger\nc09\Components\pvNugsLoggerNc9\pvNugsLoggerNc9.csproj", "{C2A4FF27-84A9-4D36-AF6C-B0AC2F1A64B6}"
EndProject
Project("{2150E333-8FDC-42A3-9474-1A3956D46DE8}") = "EnumConv", "EnumConv", "{25915753-BC2B-4484-8BC1-B7AC5A52AEB4}"
EndProject
Project("{2150E333-8FDC-42A3-9474-1A3956D46DE8}") = "nc09", "nc09", "{2DF5C0C2-33E0-4B3C-B517-1086F31065B4}"
EndProject
Project("{2150E333-8FDC-42A3-9474-1A3956D46DE8}") = "Components", "Components", "{AD9D6353-F2B0-4A3A-9DAD-14DA3E948C44}"
EndProject
Project("{2150E333-8FDC-42A3-9474-1A3956D46DE8}") = "Testing", "Testing", "{FB660425-433B-404D-8109-D3F6ED1A97A7}"
EndProject
Project("{2150E333-8FDC-42A3-9474-1A3956D46DE8}") = "untTesting", "untTesting", "{6EA76435-1C66-48CE-891E-DB5F441C4B38}"
EndProject
Project("{FAE04EC0-301F-11D3-BF4B-00C04F79EFBC}") = "pvNugsEnumConvNc9", "src\EnumConv\nc09\Components\pvNugsEnumConvNc9\pvNugsEnumConvNc9.csproj", "{1362075F-385D-450E-9580-0A475F733417}"
EndProject
Project("{FAE04EC0-301F-11D3-BF4B-00C04F79EFBC}") = "pvNugsEnumConvNc9.ut", "src\EnumConv\nc09\Testing\untTesting\pvNugsEnumConvNc9.ut\pvNugsEnumConvNc9.ut.csproj", "{8036205E-7CD6-4796-9A81-4A504CA7A806}"
EndProject
Project("{FAE04EC0-301F-11D3-BF4B-00C04F79EFBC}") = "pvNugsLoggerNc9Seri", "src\Logger\nc09\Components\pvNugsLoggerNc9Seri\pvNugsLoggerNc9Seri.csproj", "{BD459784-AE83-4350-8FFD-A8518D89BEB1}"
EndProject
Project("{FAE04EC0-301F-11D3-BF4B-00C04F79EFBC}") = "pvNugsLoggerNc9ResWrapper", "src\Logger\nc09\Components\pvNugsLoggerNc9ResWrapper\pvNugsLoggerNc9ResWrapper.csproj", "{2B88123F-62A1-45F9-94E3-D9DE0D992100}"
EndProject
Project("{2150E333-8FDC-42A3-9474-1A3956D46DE8}") = "CsProvider", "CsProvider", "{61861067-0957-40BC-BCB6-A22DAC57CE16}"
EndProject
Project("{2150E333-8FDC-42A3-9474-1A3956D46DE8}") = "nc09", "nc09", "{FC76EE6D-61DB-481B-A3DF-8A0FE3145664}"
EndProject
Project("{2150E333-8FDC-42A3-9474-1A3956D46DE8}") = "Components", "Components", "{98BB0CEE-5132-4188-856F-E87A9F164C9C}"
EndProject
Project("{FAE04EC0-301F-11D3-BF4B-00C04F79EFBC}") = "pvNugsCsProviderNc9ByFunc", "src\CsProvider\nc09\Components\pvNugsCsProviderNc9ByFunc\pvNugsCsProviderNc9ByFunc.csproj", "{B5204B54-95D6-451D-8026-0AA709B17BA8}"
EndProject
Project("{FAE04EC0-301F-11D3-BF4B-00C04F79EFBC}") = "pvNugsCsProviderNc9PgSql", "src\CsProvider\nc09\Components\pvNugsCsProviderNc9PgSql\pvNugsCsProviderNc9PgSql.csproj", "{53CEDA5E-F2DD-4BC3-B318-FE268DE8F9D6}"
EndProject
Project("{2150E333-8FDC-42A3-9474-1A3956D46DE8}") = "SecretManager", "SecretManager", "{2AF6E8D4-9FA5-4A59-B35D-9A4BF916A22F}"
EndProject
Project("{2150E333-8FDC-42A3-9474-1A3956D46DE8}") = "nc09", "nc09", "{23F73E27-B270-4F1C-9A3F-89E740B31E78}"
EndProject
Project("{2150E333-8FDC-42A3-9474-1A3956D46DE8}") = "Components", "Components", "{D8BA6298-8A41-4A68-A85F-BF46C108C6AE}"
EndProject
Project("{FAE04EC0-301F-11D3-BF4B-00C04F79EFBC}") = "pvNugsSecretManagerNc9Azure", "src\SecretManager\nc09\Components\pvNugsSecretManagerNc9Azure\pvNugsSecretManagerNc9Azure.csproj", "{7E4CA92E-2ACA-4E75-9FBC-57FA1AA10905}"
EndProject
Project("{FAE04EC0-301F-11D3-BF4B-00C04F79EFBC}") = "pvNugsSecretManagerNc9Abstractions", "src\SecretManager\nc09\Components\pvNugsSecretManagerNc9Abstractions\pvNugsSecretManagerNc9Abstractions.csproj", "{F0E611C3-682B-4C4B-9431-B3A86CAD1831}"
EndProject
Project("{FAE04EC0-301F-11D3-BF4B-00C04F79EFBC}") = "pvNugsCsProviderNc9Abstractions", "src\CsProvider\nc09\Components\pvNugsCsProviderNc9Abstractions\pvNugsCsProviderNc9Abstractions.csproj", "{71C91A4E-97D2-4FF8-86A6-CA5D56716C65}"
EndProject
Project("{2150E333-8FDC-42A3-9474-1A3956D46DE8}") = "Testing", "Testing", "{2A4E76E9-7004-4E9C-A0B0-E4060E0A8AA1}"
EndProject
Project("{2150E333-8FDC-42A3-9474-1A3956D46DE8}") = "intTesting", "intTesting", "{92ED5103-7DB4-43FF-A908-9715F577E450}"
EndProject
Project("{FAE04EC0-301F-11D3-BF4B-00C04F79EFBC}") = "pvNugsSecretManagerNc9Azure.it", "src\SecretManager\nc09\Testing\intTesting\pvNugsSecretManagerNc9Azure.it\pvNugsSecretManagerNc9Azure.it.csproj", "{FBA50EDB-4209-4FB4-9F3E-D45B1D967D01}"
EndProject
Project("{2150E333-8FDC-42A3-9474-1A3956D46DE8}") = "Cache", "Cache", "{52504572-D333-4A73-86ED-4895E27C5DBF}"
EndProject
Project("{FAE04EC0-301F-11D3-BF4B-00C04F79EFBC}") = "pvNugsCacheNc9Abstractions", "src\Cache\nc09\Components\pvNugsCacheNc9Abstractions\pvNugsCacheNc9Abstractions.csproj", "{5B127204-49D5-4456-BD8E-10EF29452C7F}"
EndProject
Project("{FAE04EC0-301F-11D3-BF4B-00C04F79EFBC}") = "pvNugsCacheNc9Local", "src\Cache\nc09\Components\pvNugsCacheNc9Local\pvNugsCacheNc9Local.csproj", "{0B90EAAD-6F84-4DA5-A5C1-8FA2BB686BC4}"
EndProject
Project("{FAE04EC0-301F-11D3-BF4B-00C04F79EFBC}") = "pvNugsLoggerNc9MsSql", "src\Logger\nc09\Components\pvNugsLoggerNc9MsSql\pvNugsLoggerNc9MsSql.csproj", "{C27EDC1D-8C03-4FDA-AA60-B659CCE1CCC6}"
EndProject
Project("{FAE04EC0-301F-11D3-BF4B-00C04F79EFBC}") = "pvNugsCsProviderNc9MsSql", "src\CsProvider\nc09\Components\pvNugsCsProviderNc9MsSql\pvNugsCsProviderNc9MsSql.csproj", "{C5C9095C-BC6F-4C3E-84BD-E1347BEF0483}"
EndProject
Project("{2150E333-8FDC-42A3-9474-1A3956D46DE8}") = "Testing", "Testing", "{AACEB63B-B524-4F45-9237-0FBBB3C7EA3D}"
EndProject
Project("{2150E333-8FDC-42A3-9474-1A3956D46DE8}") = "intTesting", "intTesting", "{9A1AE67B-B2FE-4E9B-848A-C6B96D145C0B}"
EndProject
Project("{2150E333-8FDC-42A3-9474-1A3956D46DE8}") = "untTesting", "untTesting", "{BB76DCD9-D5CF-4B6C-AF3A-F3F567D3F19C}"
EndProject
Project("{FAE04EC0-301F-11D3-BF4B-00C04F79EFBC}") = "pvNugsCsProviderNc9PgSql.it", "src\CsProvider\nc09\Testing\intTesting\pvNugsCsProviderNc9PgSql.it\pvNugsCsProviderNc9PgSql.it.csproj", "{944B743F-8979-4354-B81C-F63A84AE3BF4}"
EndProject
Project("{FAE04EC0-301F-11D3-BF4B-00C04F79EFBC}") = "pvNugsSecretManagerNc9EnvVariables", "src\SecretManager\nc09\Components\pvNugsSecretManagerNc9EnvVariables\pvNugsSecretManagerNc9EnvVariables.csproj", "{D868BC9B-BAAC-4C40-A9DD-1EC93FCFEB77}"
EndProject
Project("{FAE04EC0-301F-11D3-BF4B-00C04F79EFBC}") = "pvNugsSecretManagerNc9EnvVariables.it", "src\SecretManager\nc09\Testing\intTesting\pvNugsSecretManagerNc9EnvVariables.it\pvNugsSecretManagerNc9EnvVariables.it.csproj", "{0BE42AAA-392B-4A1E-8AD0-6B21315421A8}"
EndProject
Project("{2150E333-8FDC-42A3-9474-1A3956D46DE8}") = "Testing", "Testing", "{E33A9AA4-047A-4530-AD07-18D1CC251DCC}"
EndProject
Project("{2150E333-8FDC-42A3-9474-1A3956D46DE8}") = "intTesting", "intTesting", "{EFAD7BFD-7495-4A37-BB66-82394026893C}"
EndProject
Project("{2150E333-8FDC-42A3-9474-1A3956D46DE8}") = "untTesting", "untTesting", "{03147CCA-76A2-4210-AA41-CAA4F62ADDD9}"
EndProject
Project("{FAE04EC0-301F-11D3-BF4B-00C04F79EFBC}") = "pvNugsLoggerNc9MsSql.it", "src\Logger\nc09\Testing\intTesting\pvNugsLoggerNc9MsSql.it\pvNugsLoggerNc9MsSql.it.csproj", "{31ECC0D9-594B-452C-BC21-1EB2F50CDADC}"
EndProject
Project("{FAE04EC0-301F-11D3-BF4B-00C04F79EFBC}") = "pvNugsCsProviderNc9MsSql.it", "src\CsProvider\nc09\Testing\intTesting\pvNugsCsProviderNc9MsSql.it\pvNugsCsProviderNc9MsSql.it.csproj", "{B115A611-46B3-412A-9B2E-B9E05DB5C1A8}"
EndProject
Project("{FAE04EC0-301F-11D3-BF4B-00C04F79EFBC}") = "pvNugsLoggerNc9Hybrid", "src\Logger\nc09\Components\pvNugsLoggerNc9Hybrid\pvNugsLoggerNc9Hybrid.csproj", "{E751F369-0A22-46ED-835E-DCC48667B7A3}"
EndProject
Project("{FAE04EC0-301F-11D3-BF4B-00C04F79EFBC}") = "pvNugsLoggerNc9Hybrid.it", "src\Logger\nc09\Testing\intTesting\pvNugsLoggerNc9Hybrid.it\pvNugsLoggerNc9Hybrid.it.csproj", "{8A454B4E-BEB3-421F-A4E0-4D6E7970D9D4}"
EndProject
Project("{2150E333-8FDC-42A3-9474-1A3956D46DE8}") = "Semaphore", "Semaphore", "{CD06BD4A-2A99-4449-BBA5-2B72D5D507AD}"
EndProject
Project("{2150E333-8FDC-42A3-9474-1A3956D46DE8}") = "nc09", "nc09", "{CE0D7473-E75B-45F0-B9D4-87EAC87E86AF}"
EndProject
Project("{2150E333-8FDC-42A3-9474-1A3956D46DE8}") = "Components", "Components", "{3982C273-6805-480E-B453-5AD45C75384B}"
EndProject
Project("{FAE04EC0-301F-11D3-BF4B-00C04F79EFBC}") = "pvNugsSemaphoreNc9Abstractions", "src\Semaphore\nc09\Components\pvNugsSemaphoreNc9Abstractions\pvNugsSemaphoreNc9Abstractions.csproj", "{2849DC4B-78FA-457E-956F-37E2AFA75127}"
EndProject
Project("{FAE04EC0-301F-11D3-BF4B-00C04F79EFBC}") = "pvNugsSemaphoreNc9MsSql", "src\Semaphore\nc09\Components\pvNugsSemaphoreNc9MsSql\pvNugsSemaphoreNc9MsSql.csproj", "{59264779-36C7-4BEA-836E-FF2F89944D63}"
EndProject
Project("{2150E333-8FDC-42A3-9474-1A3956D46DE8}") = "Testing", "Testing", "{5FFA4491-480E-4931-9835-F9928F667465}"
EndProject
Project("{2150E333-8FDC-42A3-9474-1A3956D46DE8}") = "intTesting", "intTesting", "{403D2502-A6B8-49EB-981F-B4A4A535E39C}"
EndProject
Project("{FAE04EC0-301F-11D3-BF4B-00C04F79EFBC}") = "pvNugsSemaphoreNc9MsSql.it", "src\Semaphore\nc09\Testing\intTesting\pvNugsSemaphoreNc9MsSql.it\pvNugsSemaphoreNc9MsSql.it.csproj", "{65E48BBD-0F93-42BE-8C8B-26D471C3EFDE}"
EndProject
Project("{2150E333-8FDC-42A3-9474-1A3956D46DE8}") = "nc06", "nc06", "{D6E1060E-8B94-431D-8EAA-2A221E9F3AAD}"
EndProject
Project("{2150E333-8FDC-42A3-9474-1A3956D46DE8}") = "Components", "Components", "{CA804B59-6E25-4529-B4A9-2F248341CBE2}"
EndProject
Project("{FAE04EC0-301F-11D3-BF4B-00C04F79EFBC}") = "pvNugsSecretManagerNc6Abstractions", "src\SecretManager\nc06\Components\pvNugsSecretManagerNc6Abstractions\pvNugsSecretManagerNc6Abstractions.csproj", "{F5F41A55-D147-40D8-B258-1C2A11503035}"
EndProject
Project("{FAE04EC0-301F-11D3-BF4B-00C04F79EFBC}") = "pvNugsSecretManagerNc6Azure", "src\SecretManager\nc06\Components\pvNugsSecretManagerNc6Azure\pvNugsSecretManagerNc6Azure.csproj", "{DC8BCBE4-4C1B-41C7-BDF4-EACC5CA89D6B}"
EndProject
Project("{2150E333-8FDC-42A3-9474-1A3956D46DE8}") = "nc09", "nc09", "{78EB332A-0D9E-442D-8996-94D2FB9AE713}"
EndProject
Project("{2150E333-8FDC-42A3-9474-1A3956D46DE8}") = "nc06", "nc06", "{44511145-1DBC-4548-922B-39D032487293}"
EndProject
Project("{2150E333-8FDC-42A3-9474-1A3956D46DE8}") = "Components", "Components", "{7694DF7C-E99B-42A1-8FBA-144D38735D53}"
EndProject
Project("{2150E333-8FDC-42A3-9474-1A3956D46DE8}") = "Components", "Components", "{6FD0FF4D-8114-4FB4-89B7-0762FBA9C2B2}"
EndProject
Project("{FAE04EC0-301F-11D3-BF4B-00C04F79EFBC}") = "pvNugsCacheNc6Abstractions", "src\Cache\nc06\Components\pvNugsCacheNc6Abstractions\pvNugsCacheNc6Abstractions.csproj", "{2F940318-9B91-43EA-B1C9-36EA312C8BE3}"
EndProject
Project("{FAE04EC0-301F-11D3-BF4B-00C04F79EFBC}") = "pvNugsCacheNc6Local", "src\Cache\nc06\Components\pvNugsCacheNc6Local\pvNugsCacheNc6Local.csproj", "{17B5D6D9-0F98-4454-9DDC-56C4CCFA2029}"
EndProject
Project("{2150E333-8FDC-42A3-9474-1A3956D46DE8}") = "nc06", "nc06", "{269D4F2A-507E-4018-906A-8D9B15029EDC}"
EndProject
Project("{2150E333-8FDC-42A3-9474-1A3956D46DE8}") = "Components", "Components", "{1823C6C0-7159-40BE-AB13-8F6ECF0A9681}"
EndProject
Project("{2150E333-8FDC-42A3-9474-1A3956D46DE8}") = "nc06", "nc06", "{C483BF05-67E7-46CF-AAA7-85B38C668E51}"
EndProject
Project("{2150E333-8FDC-42A3-9474-1A3956D46DE8}") = "Components", "Components", "{05F2ED2F-EF38-4CDA-94C4-D6BCAF114F62}"
EndProject
Project("{FAE04EC0-301F-11D3-BF4B-00C04F79EFBC}") = "pvNugsEnumConvNc6", "src\EnumConv\nc06\Components\pvNugsEnumConvNc6\pvNugsEnumConvNc6.csproj", "{A731276E-B546-409E-B60B-01E213646A8C}"
EndProject
Project("{FAE04EC0-301F-11D3-BF4B-00C04F79EFBC}") = "pvNugsLoggerNc6Seri", "src\Logger\nc06\Components\pvNugsLoggerNc6Seri\pvNugsLoggerNc6Seri.csproj", "{5AC19DEC-E49D-46C6-94B6-2A58373C7B84}"
EndProject
Project("{FAE04EC0-301F-11D3-BF4B-00C04F79EFBC}") = "pvNugsLoggerNc6Abstractions", "src\Logger\nc06\Components\pvNugsLoggerNc6Abstractions\pvNugsLoggerNc6Abstractions.csproj", "{42E32276-7598-43DB-9FED-682D011C5F02}"
EndProject
Project("{2150E333-8FDC-42A3-9474-1A3956D46DE8}") = "nc06", "nc06", "{3FE4FA9D-484B-463E-9D2A-06736527A98A}"
EndProject
Project("{2150E333-8FDC-42A3-9474-1A3956D46DE8}") = "Components", "Components", "{AC5C4C21-8319-4991-9BB2-6599FEBC54FE}"
EndProject
Project("{FAE04EC0-301F-11D3-BF4B-00C04F79EFBC}") = "pvNugsCsProviderNc6Abstractions", "src\CsProvider\nc06\Components\pvNugsCsProviderNc6Abstractions\pvNugsCsProviderNc6Abstractions.csproj", "{14E761D4-6BA5-4AEF-B935-6F7633C9174C}"
EndProject
Project("{FAE04EC0-301F-11D3-BF4B-00C04F79EFBC}") = "pvNugsCsProviderNc6MsSql", "src\CsProvider\nc06\Components\pvNugsCsProviderNc6MsSql\pvNugsCsProviderNc6MsSql.csproj", "{FC4A1255-6CC9-48C5-811A-0007F2F535DE}"
EndProject
Project("{FAE04EC0-301F-11D3-BF4B-00C04F79EFBC}") = "pvNugsLoggerNc6MsSql", "src\Logger\nc06\Components\pvNugsLoggerNc6MsSql\pvNugsLoggerNc6MsSql.csproj", "{A6040328-BDD7-4A3B-BA25-6254127DD3FA}"
EndProject
Project("{FAE04EC0-301F-11D3-BF4B-00C04F79EFBC}") = "pvNugsLoggerNc6Hybrid", "src\Logger\nc06\Components\pvNugsLoggerNc6Hybrid\pvNugsLoggerNc6Hybrid.csproj", "{4617B5FA-A707-43BA-A2FE-40493432EF34}"
EndProject
Project("{FAE04EC0-301F-11D3-BF4B-00C04F79EFBC}") = "pvNugsLoggerNc6ResWrapper", "src\Logger\nc06\Components\pvNugsLoggerNc6ResWrapper\pvNugsLoggerNc6ResWrapper.csproj", "{A27FE9B2-4F7B-4B15-A35F-83CEDF310339}"
EndProject
Project("{FAE04EC0-301F-11D3-BF4B-00C04F79EFBC}") = "pvNugsLoggerNc6UTest", "src\Logger\nc06\Components\pvNugsLoggerNc6UTest\pvNugsLoggerNc6UTest.csproj", "{8C235AEB-6E91-4A45-870B-62CCA6DA4D5D}"
EndProject
Project("{2150E333-8FDC-42A3-9474-1A3956D46DE8}") = "Crypto", "Crypto", "{1F3D292A-14C9-4A48-8598-1E551957248D}"
EndProject
Project("{2150E333-8FDC-42A3-9474-1A3956D46DE8}") = "nc06", "nc06", "{8650B872-799A-4D61-8FA5-9968B4FE0B0D}"
EndProject
Project("{2150E333-8FDC-42A3-9474-1A3956D46DE8}") = "Components", "Components", "{99DD4B9E-94AA-40C7-BAA1-5BFEB4FE7A1E}"
EndProject
Project("{FAE04EC0-301F-11D3-BF4B-00C04F79EFBC}") = "pvNugsCryptoNc6Abstractions", "src\Crypto\nc06\Components\pvNugsCryptoNc6Abstractions\pvNugsCryptoNc6Abstractions.csproj", "{7143271D-FC3D-419C-8BB3-5ADB387D4B7D}"
EndProject
Project("{FAE04EC0-301F-11D3-BF4B-00C04F79EFBC}") = "pvNugsCryptoNc6Aes", "src\Crypto\nc06\Components\pvNugsCryptoNc6Aes\pvNugsCryptoNc6Aes.csproj", "{F3ABABEC-EEE6-4BFD-9E4B-CD83E0062497}"
EndProject
Project("{2150E333-8FDC-42A3-9474-1A3956D46DE8}") = "Mediator", "Mediator", "{52180994-6A76-45AF-A152-52EA3934AE1A}"
EndProject
Project("{2150E333-8FDC-42A3-9474-1A3956D46DE8}") = "nc10", "nc10", "{B10A3B1C-F354-4B2C-B711-AC851557464E}"
EndProject
Project("{2150E333-8FDC-42A3-9474-1A3956D46DE8}") = "Components", "Components", "{10FD4020-5879-4E75-9B7C-B29E7B361E97}"
EndProject
Project("{FAE04EC0-301F-11D3-BF4B-00C04F79EFBC}") = "pvNugsMediatorNc10Abstractions", "src\Mediator\nc10\Components\pvNugsMediatorNc10Abstractions\pvNugsMediatorNc10Abstractions.csproj", "{17FF38B2-24F5-458F-A9C3-E6D06C7ACE09}"
EndProject
Project("{FAE04EC0-301F-11D3-BF4B-00C04F79EFBC}") = "pvNugsMediatorNc10", "src\Mediator\nc10\Components\pvNugsMediatorNc10\pvNugsMediatorNc10.csproj", "{A2AD2280-2A49-42AC-B5CF-3F7B39D9DF11}"
EndProject
Project("{2150E333-8FDC-42A3-9474-1A3956D46DE8}") = "nc09", "nc09", "{C2D313E4-2E83-46D1-A867-BC9967AE42C4}"
EndProject
Project("{2150E333-8FDC-42A3-9474-1A3956D46DE8}") = "Components", "Components", "{20E0D0D0-7164-4D69-8FD7-9F9AE7588919}"
EndProject
Project("{FAE04EC0-301F-11D3-BF4B-00C04F79EFBC}") = "pvNugsMediatorNc9Abstractions", "src\Mediator\nc09\Components\pvNugsMediatorNc9Abstractions\pvNugsMediatorNc9Abstractions.csproj", "{9C3B6085-BEB7-44C2-A381-72A4C670AC07}"
EndProject
Project("{FAE04EC0-301F-11D3-BF4B-00C04F79EFBC}") = "pvNugsMediatorNc9", "src\Mediator\nc09\Components\pvNugsMediatorNc9\pvNugsMediatorNc9.csproj", "{BC0D8B4B-9933-4983-BF4C-179F298B77A5}"
EndProject
Project("{2150E333-8FDC-42A3-9474-1A3956D46DE8}") = "Testing", "Testing", "{C75711E3-2634-46BC-8067-A0D4A4FCE711}"
EndProject
Project("{2150E333-8FDC-42A3-9474-1A3956D46DE8}") = "intTesting", "intTesting", "{A75EB007-DCA9-4D78-8A12-042F24AAEB58}"
EndProject
Project("{FAE04EC0-301F-11D3-BF4B-00C04F79EFBC}") = "pvNugsMediatorNc9.it", "src\Mediator\nc09\Testing\intTesting\pvNugsMediatorNc9.it\pvNugsMediatorNc9.it.csproj", "{59768D22-309E-4A3C-968F-3928F43E24BC}"
EndProject
Global
	GlobalSection(SolutionConfigurationPlatforms) = preSolution
		Debug|Any CPU = Debug|Any CPU
		Release|Any CPU = Release|Any CPU
	EndGlobalSection
	GlobalSection(NestedProjects) = preSolution
		{591B3A65-CE4C-4265-BB60-125032CA61BB} = {BC115CDA-FDE4-4C91-9F92-4EE68FD159F2}
		{3B7DB1E3-C1FA-4A69-8F21-24F014AE2366} = {591B3A65-CE4C-4265-BB60-125032CA61BB}
		{25E589B5-FC46-4502-8EFD-76E6706C568C} = {3B7DB1E3-C1FA-4A69-8F21-24F014AE2366}
		{C2A4FF27-84A9-4D36-AF6C-B0AC2F1A64B6} = {3B7DB1E3-C1FA-4A69-8F21-24F014AE2366}
		{2DF5C0C2-33E0-4B3C-B517-1086F31065B4} = {25915753-BC2B-4484-8BC1-B7AC5A52AEB4}
		{AD9D6353-F2B0-4A3A-9DAD-14DA3E948C44} = {2DF5C0C2-33E0-4B3C-B517-1086F31065B4}
		{FB660425-433B-404D-8109-D3F6ED1A97A7} = {2DF5C0C2-33E0-4B3C-B517-1086F31065B4}
		{6EA76435-1C66-48CE-891E-DB5F441C4B38} = {FB660425-433B-404D-8109-D3F6ED1A97A7}
		{1362075F-385D-450E-9580-0A475F733417} = {AD9D6353-F2B0-4A3A-9DAD-14DA3E948C44}
		{8036205E-7CD6-4796-9A81-4A504CA7A806} = {6EA76435-1C66-48CE-891E-DB5F441C4B38}
		{BD459784-AE83-4350-8FFD-A8518D89BEB1} = {3B7DB1E3-C1FA-4A69-8F21-24F014AE2366}
		{2B88123F-62A1-45F9-94E3-D9DE0D992100} = {3B7DB1E3-C1FA-4A69-8F21-24F014AE2366}
		{FC76EE6D-61DB-481B-A3DF-8A0FE3145664} = {61861067-0957-40BC-BCB6-A22DAC57CE16}
		{98BB0CEE-5132-4188-856F-E87A9F164C9C} = {FC76EE6D-61DB-481B-A3DF-8A0FE3145664}
		{B5204B54-95D6-451D-8026-0AA709B17BA8} = {98BB0CEE-5132-4188-856F-E87A9F164C9C}
		{53CEDA5E-F2DD-4BC3-B318-FE268DE8F9D6} = {98BB0CEE-5132-4188-856F-E87A9F164C9C}
		{23F73E27-B270-4F1C-9A3F-89E740B31E78} = {2AF6E8D4-9FA5-4A59-B35D-9A4BF916A22F}
		{D8BA6298-8A41-4A68-A85F-BF46C108C6AE} = {23F73E27-B270-4F1C-9A3F-89E740B31E78}
		{7E4CA92E-2ACA-4E75-9FBC-57FA1AA10905} = {D8BA6298-8A41-4A68-A85F-BF46C108C6AE}
		{F0E611C3-682B-4C4B-9431-B3A86CAD1831} = {D8BA6298-8A41-4A68-A85F-BF46C108C6AE}
		{71C91A4E-97D2-4FF8-86A6-CA5D56716C65} = {98BB0CEE-5132-4188-856F-E87A9F164C9C}
		{2A4E76E9-7004-4E9C-A0B0-E4060E0A8AA1} = {23F73E27-B270-4F1C-9A3F-89E740B31E78}
		{92ED5103-7DB4-43FF-A908-9715F577E450} = {2A4E76E9-7004-4E9C-A0B0-E4060E0A8AA1}
		{FBA50EDB-4209-4FB4-9F3E-D45B1D967D01} = {92ED5103-7DB4-43FF-A908-9715F577E450}
		{C27EDC1D-8C03-4FDA-AA60-B659CCE1CCC6} = {3B7DB1E3-C1FA-4A69-8F21-24F014AE2366}
		{C5C9095C-BC6F-4C3E-84BD-E1347BEF0483} = {98BB0CEE-5132-4188-856F-E87A9F164C9C}
		{AACEB63B-B524-4F45-9237-0FBBB3C7EA3D} = {FC76EE6D-61DB-481B-A3DF-8A0FE3145664}
		{9A1AE67B-B2FE-4E9B-848A-C6B96D145C0B} = {AACEB63B-B524-4F45-9237-0FBBB3C7EA3D}
		{BB76DCD9-D5CF-4B6C-AF3A-F3F567D3F19C} = {AACEB63B-B524-4F45-9237-0FBBB3C7EA3D}
		{944B743F-8979-4354-B81C-F63A84AE3BF4} = {9A1AE67B-B2FE-4E9B-848A-C6B96D145C0B}
		{D868BC9B-BAAC-4C40-A9DD-1EC93FCFEB77} = {D8BA6298-8A41-4A68-A85F-BF46C108C6AE}
		{0BE42AAA-392B-4A1E-8AD0-6B21315421A8} = {92ED5103-7DB4-43FF-A908-9715F577E450}
		{E33A9AA4-047A-4530-AD07-18D1CC251DCC} = {591B3A65-CE4C-4265-BB60-125032CA61BB}
		{EFAD7BFD-7495-4A37-BB66-82394026893C} = {E33A9AA4-047A-4530-AD07-18D1CC251DCC}
		{03147CCA-76A2-4210-AA41-CAA4F62ADDD9} = {E33A9AA4-047A-4530-AD07-18D1CC251DCC}
		{31ECC0D9-594B-452C-BC21-1EB2F50CDADC} = {EFAD7BFD-7495-4A37-BB66-82394026893C}
		{B115A611-46B3-412A-9B2E-B9E05DB5C1A8} = {9A1AE67B-B2FE-4E9B-848A-C6B96D145C0B}
		{E751F369-0A22-46ED-835E-DCC48667B7A3} = {3B7DB1E3-C1FA-4A69-8F21-24F014AE2366}
		{8A454B4E-BEB3-421F-A4E0-4D6E7970D9D4} = {EFAD7BFD-7495-4A37-BB66-82394026893C}
		{CE0D7473-E75B-45F0-B9D4-87EAC87E86AF} = {CD06BD4A-2A99-4449-BBA5-2B72D5D507AD}
		{3982C273-6805-480E-B453-5AD45C75384B} = {CE0D7473-E75B-45F0-B9D4-87EAC87E86AF}
		{2849DC4B-78FA-457E-956F-37E2AFA75127} = {3982C273-6805-480E-B453-5AD45C75384B}
		{59264779-36C7-4BEA-836E-FF2F89944D63} = {3982C273-6805-480E-B453-5AD45C75384B}
		{5FFA4491-480E-4931-9835-F9928F667465} = {CE0D7473-E75B-45F0-B9D4-87EAC87E86AF}
		{403D2502-A6B8-49EB-981F-B4A4A535E39C} = {5FFA4491-480E-4931-9835-F9928F667465}
		{65E48BBD-0F93-42BE-8C8B-26D471C3EFDE} = {403D2502-A6B8-49EB-981F-B4A4A535E39C}
		{D6E1060E-8B94-431D-8EAA-2A221E9F3AAD} = {2AF6E8D4-9FA5-4A59-B35D-9A4BF916A22F}
		{CA804B59-6E25-4529-B4A9-2F248341CBE2} = {D6E1060E-8B94-431D-8EAA-2A221E9F3AAD}
		{F5F41A55-D147-40D8-B258-1C2A11503035} = {CA804B59-6E25-4529-B4A9-2F248341CBE2}
		{DC8BCBE4-4C1B-41C7-BDF4-EACC5CA89D6B} = {CA804B59-6E25-4529-B4A9-2F248341CBE2}
		{78EB332A-0D9E-442D-8996-94D2FB9AE713} = {52504572-D333-4A73-86ED-4895E27C5DBF}
		{44511145-1DBC-4548-922B-39D032487293} = {52504572-D333-4A73-86ED-4895E27C5DBF}
		{7694DF7C-E99B-42A1-8FBA-144D38735D53} = {78EB332A-0D9E-442D-8996-94D2FB9AE713}
		{5B127204-49D5-4456-BD8E-10EF29452C7F} = {7694DF7C-E99B-42A1-8FBA-144D38735D53}
		{0B90EAAD-6F84-4DA5-A5C1-8FA2BB686BC4} = {7694DF7C-E99B-42A1-8FBA-144D38735D53}
		{6FD0FF4D-8114-4FB4-89B7-0762FBA9C2B2} = {44511145-1DBC-4548-922B-39D032487293}
		{2F940318-9B91-43EA-B1C9-36EA312C8BE3} = {6FD0FF4D-8114-4FB4-89B7-0762FBA9C2B2}
		{17B5D6D9-0F98-4454-9DDC-56C4CCFA2029} = {6FD0FF4D-8114-4FB4-89B7-0762FBA9C2B2}
		{269D4F2A-507E-4018-906A-8D9B15029EDC} = {BC115CDA-FDE4-4C91-9F92-4EE68FD159F2}
		{1823C6C0-7159-40BE-AB13-8F6ECF0A9681} = {269D4F2A-507E-4018-906A-8D9B15029EDC}
		{C483BF05-67E7-46CF-AAA7-85B38C668E51} = {25915753-BC2B-4484-8BC1-B7AC5A52AEB4}
		{05F2ED2F-EF38-4CDA-94C4-D6BCAF114F62} = {C483BF05-67E7-46CF-AAA7-85B38C668E51}
		{A731276E-B546-409E-B60B-01E213646A8C} = {05F2ED2F-EF38-4CDA-94C4-D6BCAF114F62}
		{5AC19DEC-E49D-46C6-94B6-2A58373C7B84} = {1823C6C0-7159-40BE-AB13-8F6ECF0A9681}
		{42E32276-7598-43DB-9FED-682D011C5F02} = {1823C6C0-7159-40BE-AB13-8F6ECF0A9681}
		{3FE4FA9D-484B-463E-9D2A-06736527A98A} = {61861067-0957-40BC-BCB6-A22DAC57CE16}
		{AC5C4C21-8319-4991-9BB2-6599FEBC54FE} = {3FE4FA9D-484B-463E-9D2A-06736527A98A}
		{14E761D4-6BA5-4AEF-B935-6F7633C9174C} = {AC5C4C21-8319-4991-9BB2-6599FEBC54FE}
		{FC4A1255-6CC9-48C5-811A-0007F2F535DE} = {AC5C4C21-8319-4991-9BB2-6599FEBC54FE}
		{A6040328-BDD7-4A3B-BA25-6254127DD3FA} = {1823C6C0-7159-40BE-AB13-8F6ECF0A9681}
		{4617B5FA-A707-43BA-A2FE-40493432EF34} = {1823C6C0-7159-40BE-AB13-8F6ECF0A9681}
		{A27FE9B2-4F7B-4B15-A35F-83CEDF310339} = {1823C6C0-7159-40BE-AB13-8F6ECF0A9681}
		{8C235AEB-6E91-4A45-870B-62CCA6DA4D5D} = {1823C6C0-7159-40BE-AB13-8F6ECF0A9681}
		{8650B872-799A-4D61-8FA5-9968B4FE0B0D} = {1F3D292A-14C9-4A48-8598-1E551957248D}
		{99DD4B9E-94AA-40C7-BAA1-5BFEB4FE7A1E} = {8650B872-799A-4D61-8FA5-9968B4FE0B0D}
		{7143271D-FC3D-419C-8BB3-5ADB387D4B7D} = {99DD4B9E-94AA-40C7-BAA1-5BFEB4FE7A1E}
		{F3ABABEC-EEE6-4BFD-9E4B-CD83E0062497} = {99DD4B9E-94AA-40C7-BAA1-5BFEB4FE7A1E}
		{B10A3B1C-F354-4B2C-B711-AC851557464E} = {52180994-6A76-45AF-A152-52EA3934AE1A}
		{10FD4020-5879-4E75-9B7C-B29E7B361E97} = {B10A3B1C-F354-4B2C-B711-AC851557464E}
		{17FF38B2-24F5-458F-A9C3-E6D06C7ACE09} = {10FD4020-5879-4E75-9B7C-B29E7B361E97}
		{A2AD2280-2A49-42AC-B5CF-3F7B39D9DF11} = {10FD4020-5879-4E75-9B7C-B29E7B361E97}
		{C2D313E4-2E83-46D1-A867-BC9967AE42C4} = {52180994-6A76-45AF-A152-52EA3934AE1A}
		{20E0D0D0-7164-4D69-8FD7-9F9AE7588919} = {C2D313E4-2E83-46D1-A867-BC9967AE42C4}
		{9C3B6085-BEB7-44C2-A381-72A4C670AC07} = {20E0D0D0-7164-4D69-8FD7-9F9AE7588919}
		{BC0D8B4B-9933-4983-BF4C-179F298B77A5} = {20E0D0D0-7164-4D69-8FD7-9F9AE7588919}
		{C75711E3-2634-46BC-8067-A0D4A4FCE711} = {C2D313E4-2E83-46D1-A867-BC9967AE42C4}
		{A75EB007-DCA9-4D78-8A12-042F24AAEB58} = {C75711E3-2634-46BC-8067-A0D4A4FCE711}
		{59768D22-309E-4A3C-968F-3928F43E24BC} = {A75EB007-DCA9-4D78-8A12-042F24AAEB58}
	EndGlobalSection
	GlobalSection(ProjectConfigurationPlatforms) = postSolution
		{25E589B5-FC46-4502-8EFD-76E6706C568C}.Debug|Any CPU.ActiveCfg = Debug|Any CPU
		{25E589B5-FC46-4502-8EFD-76E6706C568C}.Debug|Any CPU.Build.0 = Debug|Any CPU
		{25E589B5-FC46-4502-8EFD-76E6706C568C}.Release|Any CPU.ActiveCfg = Release|Any CPU
		{25E589B5-FC46-4502-8EFD-76E6706C568C}.Release|Any CPU.Build.0 = Release|Any CPU
		{C2A4FF27-84A9-4D36-AF6C-B0AC2F1A64B6}.Debug|Any CPU.ActiveCfg = Debug|Any CPU
		{C2A4FF27-84A9-4D36-AF6C-B0AC2F1A64B6}.Debug|Any CPU.Build.0 = Debug|Any CPU
		{C2A4FF27-84A9-4D36-AF6C-B0AC2F1A64B6}.Release|Any CPU.ActiveCfg = Release|Any CPU
		{C2A4FF27-84A9-4D36-AF6C-B0AC2F1A64B6}.Release|Any CPU.Build.0 = Release|Any CPU
		{1362075F-385D-450E-9580-0A475F733417}.Debug|Any CPU.ActiveCfg = Debug|Any CPU
		{1362075F-385D-450E-9580-0A475F733417}.Debug|Any CPU.Build.0 = Debug|Any CPU
		{1362075F-385D-450E-9580-0A475F733417}.Release|Any CPU.ActiveCfg = Release|Any CPU
		{1362075F-385D-450E-9580-0A475F733417}.Release|Any CPU.Build.0 = Release|Any CPU
		{8036205E-7CD6-4796-9A81-4A504CA7A806}.Debug|Any CPU.ActiveCfg = Debug|Any CPU
		{8036205E-7CD6-4796-9A81-4A504CA7A806}.Debug|Any CPU.Build.0 = Debug|Any CPU
		{8036205E-7CD6-4796-9A81-4A504CA7A806}.Release|Any CPU.ActiveCfg = Release|Any CPU
		{8036205E-7CD6-4796-9A81-4A504CA7A806}.Release|Any CPU.Build.0 = Release|Any CPU
		{BD459784-AE83-4350-8FFD-A8518D89BEB1}.Debug|Any CPU.ActiveCfg = Debug|Any CPU
		{BD459784-AE83-4350-8FFD-A8518D89BEB1}.Debug|Any CPU.Build.0 = Debug|Any CPU
		{BD459784-AE83-4350-8FFD-A8518D89BEB1}.Release|Any CPU.ActiveCfg = Release|Any CPU
		{BD459784-AE83-4350-8FFD-A8518D89BEB1}.Release|Any CPU.Build.0 = Release|Any CPU
		{2B88123F-62A1-45F9-94E3-D9DE0D992100}.Debug|Any CPU.ActiveCfg = Debug|Any CPU
		{2B88123F-62A1-45F9-94E3-D9DE0D992100}.Debug|Any CPU.Build.0 = Debug|Any CPU
		{2B88123F-62A1-45F9-94E3-D9DE0D992100}.Release|Any CPU.ActiveCfg = Release|Any CPU
		{2B88123F-62A1-45F9-94E3-D9DE0D992100}.Release|Any CPU.Build.0 = Release|Any CPU
		{B5204B54-95D6-451D-8026-0AA709B17BA8}.Debug|Any CPU.ActiveCfg = Debug|Any CPU
		{B5204B54-95D6-451D-8026-0AA709B17BA8}.Debug|Any CPU.Build.0 = Debug|Any CPU
		{B5204B54-95D6-451D-8026-0AA709B17BA8}.Release|Any CPU.ActiveCfg = Release|Any CPU
		{B5204B54-95D6-451D-8026-0AA709B17BA8}.Release|Any CPU.Build.0 = Release|Any CPU
		{53CEDA5E-F2DD-4BC3-B318-FE268DE8F9D6}.Debug|Any CPU.ActiveCfg = Debug|Any CPU
		{53CEDA5E-F2DD-4BC3-B318-FE268DE8F9D6}.Debug|Any CPU.Build.0 = Debug|Any CPU
		{53CEDA5E-F2DD-4BC3-B318-FE268DE8F9D6}.Release|Any CPU.ActiveCfg = Release|Any CPU
		{53CEDA5E-F2DD-4BC3-B318-FE268DE8F9D6}.Release|Any CPU.Build.0 = Release|Any CPU
		{7E4CA92E-2ACA-4E75-9FBC-57FA1AA10905}.Debug|Any CPU.ActiveCfg = Debug|Any CPU
		{7E4CA92E-2ACA-4E75-9FBC-57FA1AA10905}.Debug|Any CPU.Build.0 = Debug|Any CPU
		{7E4CA92E-2ACA-4E75-9FBC-57FA1AA10905}.Release|Any CPU.ActiveCfg = Release|Any CPU
		{7E4CA92E-2ACA-4E75-9FBC-57FA1AA10905}.Release|Any CPU.Build.0 = Release|Any CPU
		{F0E611C3-682B-4C4B-9431-B3A86CAD1831}.Debug|Any CPU.ActiveCfg = Debug|Any CPU
		{F0E611C3-682B-4C4B-9431-B3A86CAD1831}.Debug|Any CPU.Build.0 = Debug|Any CPU
		{F0E611C3-682B-4C4B-9431-B3A86CAD1831}.Release|Any CPU.ActiveCfg = Release|Any CPU
		{F0E611C3-682B-4C4B-9431-B3A86CAD1831}.Release|Any CPU.Build.0 = Release|Any CPU
		{71C91A4E-97D2-4FF8-86A6-CA5D56716C65}.Debug|Any CPU.ActiveCfg = Debug|Any CPU
		{71C91A4E-97D2-4FF8-86A6-CA5D56716C65}.Debug|Any CPU.Build.0 = Debug|Any CPU
		{71C91A4E-97D2-4FF8-86A6-CA5D56716C65}.Release|Any CPU.ActiveCfg = Release|Any CPU
		{71C91A4E-97D2-4FF8-86A6-CA5D56716C65}.Release|Any CPU.Build.0 = Release|Any CPU
		{FBA50EDB-4209-4FB4-9F3E-D45B1D967D01}.Debug|Any CPU.ActiveCfg = Debug|Any CPU
		{FBA50EDB-4209-4FB4-9F3E-D45B1D967D01}.Debug|Any CPU.Build.0 = Debug|Any CPU
		{FBA50EDB-4209-4FB4-9F3E-D45B1D967D01}.Release|Any CPU.ActiveCfg = Release|Any CPU
		{FBA50EDB-4209-4FB4-9F3E-D45B1D967D01}.Release|Any CPU.Build.0 = Release|Any CPU
		{5B127204-49D5-4456-BD8E-10EF29452C7F}.Debug|Any CPU.ActiveCfg = Debug|Any CPU
		{5B127204-49D5-4456-BD8E-10EF29452C7F}.Debug|Any CPU.Build.0 = Debug|Any CPU
		{5B127204-49D5-4456-BD8E-10EF29452C7F}.Release|Any CPU.ActiveCfg = Release|Any CPU
		{5B127204-49D5-4456-BD8E-10EF29452C7F}.Release|Any CPU.Build.0 = Release|Any CPU
		{0B90EAAD-6F84-4DA5-A5C1-8FA2BB686BC4}.Debug|Any CPU.ActiveCfg = Debug|Any CPU
		{0B90EAAD-6F84-4DA5-A5C1-8FA2BB686BC4}.Debug|Any CPU.Build.0 = Debug|Any CPU
		{0B90EAAD-6F84-4DA5-A5C1-8FA2BB686BC4}.Release|Any CPU.ActiveCfg = Release|Any CPU
		{0B90EAAD-6F84-4DA5-A5C1-8FA2BB686BC4}.Release|Any CPU.Build.0 = Release|Any CPU
		{C27EDC1D-8C03-4FDA-AA60-B659CCE1CCC6}.Debug|Any CPU.ActiveCfg = Debug|Any CPU
		{C27EDC1D-8C03-4FDA-AA60-B659CCE1CCC6}.Debug|Any CPU.Build.0 = Debug|Any CPU
		{C27EDC1D-8C03-4FDA-AA60-B659CCE1CCC6}.Release|Any CPU.ActiveCfg = Release|Any CPU
		{C27EDC1D-8C03-4FDA-AA60-B659CCE1CCC6}.Release|Any CPU.Build.0 = Release|Any CPU
		{C5C9095C-BC6F-4C3E-84BD-E1347BEF0483}.Debug|Any CPU.ActiveCfg = Debug|Any CPU
		{C5C9095C-BC6F-4C3E-84BD-E1347BEF0483}.Debug|Any CPU.Build.0 = Debug|Any CPU
		{C5C9095C-BC6F-4C3E-84BD-E1347BEF0483}.Release|Any CPU.ActiveCfg = Release|Any CPU
		{C5C9095C-BC6F-4C3E-84BD-E1347BEF0483}.Release|Any CPU.Build.0 = Release|Any CPU
		{944B743F-8979-4354-B81C-F63A84AE3BF4}.Debug|Any CPU.ActiveCfg = Debug|Any CPU
		{944B743F-8979-4354-B81C-F63A84AE3BF4}.Debug|Any CPU.Build.0 = Debug|Any CPU
		{944B743F-8979-4354-B81C-F63A84AE3BF4}.Release|Any CPU.ActiveCfg = Release|Any CPU
		{944B743F-8979-4354-B81C-F63A84AE3BF4}.Release|Any CPU.Build.0 = Release|Any CPU
		{D868BC9B-BAAC-4C40-A9DD-1EC93FCFEB77}.Debug|Any CPU.ActiveCfg = Debug|Any CPU
		{D868BC9B-BAAC-4C40-A9DD-1EC93FCFEB77}.Debug|Any CPU.Build.0 = Debug|Any CPU
		{D868BC9B-BAAC-4C40-A9DD-1EC93FCFEB77}.Release|Any CPU.ActiveCfg = Release|Any CPU
		{D868BC9B-BAAC-4C40-A9DD-1EC93FCFEB77}.Release|Any CPU.Build.0 = Release|Any CPU
		{0BE42AAA-392B-4A1E-8AD0-6B21315421A8}.Debug|Any CPU.ActiveCfg = Debug|Any CPU
		{0BE42AAA-392B-4A1E-8AD0-6B21315421A8}.Debug|Any CPU.Build.0 = Debug|Any CPU
		{0BE42AAA-392B-4A1E-8AD0-6B21315421A8}.Release|Any CPU.ActiveCfg = Release|Any CPU
		{0BE42AAA-392B-4A1E-8AD0-6B21315421A8}.Release|Any CPU.Build.0 = Release|Any CPU
		{31ECC0D9-594B-452C-BC21-1EB2F50CDADC}.Debug|Any CPU.ActiveCfg = Debug|Any CPU
		{31ECC0D9-594B-452C-BC21-1EB2F50CDADC}.Debug|Any CPU.Build.0 = Debug|Any CPU
		{31ECC0D9-594B-452C-BC21-1EB2F50CDADC}.Release|Any CPU.ActiveCfg = Release|Any CPU
		{31ECC0D9-594B-452C-BC21-1EB2F50CDADC}.Release|Any CPU.Build.0 = Release|Any CPU
		{B115A611-46B3-412A-9B2E-B9E05DB5C1A8}.Debug|Any CPU.ActiveCfg = Debug|Any CPU
		{B115A611-46B3-412A-9B2E-B9E05DB5C1A8}.Debug|Any CPU.Build.0 = Debug|Any CPU
		{B115A611-46B3-412A-9B2E-B9E05DB5C1A8}.Release|Any CPU.ActiveCfg = Release|Any CPU
		{B115A611-46B3-412A-9B2E-B9E05DB5C1A8}.Release|Any CPU.Build.0 = Release|Any CPU
		{E751F369-0A22-46ED-835E-DCC48667B7A3}.Debug|Any CPU.ActiveCfg = Debug|Any CPU
		{E751F369-0A22-46ED-835E-DCC48667B7A3}.Debug|Any CPU.Build.0 = Debug|Any CPU
		{E751F369-0A22-46ED-835E-DCC48667B7A3}.Release|Any CPU.ActiveCfg = Release|Any CPU
		{E751F369-0A22-46ED-835E-DCC48667B7A3}.Release|Any CPU.Build.0 = Release|Any CPU
		{8A454B4E-BEB3-421F-A4E0-4D6E7970D9D4}.Debug|Any CPU.ActiveCfg = Debug|Any CPU
		{8A454B4E-BEB3-421F-A4E0-4D6E7970D9D4}.Debug|Any CPU.Build.0 = Debug|Any CPU
		{8A454B4E-BEB3-421F-A4E0-4D6E7970D9D4}.Release|Any CPU.ActiveCfg = Release|Any CPU
		{8A454B4E-BEB3-421F-A4E0-4D6E7970D9D4}.Release|Any CPU.Build.0 = Release|Any CPU
		{2849DC4B-78FA-457E-956F-37E2AFA75127}.Debug|Any CPU.ActiveCfg = Debug|Any CPU
		{2849DC4B-78FA-457E-956F-37E2AFA75127}.Debug|Any CPU.Build.0 = Debug|Any CPU
		{2849DC4B-78FA-457E-956F-37E2AFA75127}.Release|Any CPU.ActiveCfg = Release|Any CPU
		{2849DC4B-78FA-457E-956F-37E2AFA75127}.Release|Any CPU.Build.0 = Release|Any CPU
		{59264779-36C7-4BEA-836E-FF2F89944D63}.Debug|Any CPU.ActiveCfg = Debug|Any CPU
		{59264779-36C7-4BEA-836E-FF2F89944D63}.Debug|Any CPU.Build.0 = Debug|Any CPU
		{59264779-36C7-4BEA-836E-FF2F89944D63}.Release|Any CPU.ActiveCfg = Release|Any CPU
		{59264779-36C7-4BEA-836E-FF2F89944D63}.Release|Any CPU.Build.0 = Release|Any CPU
		{65E48BBD-0F93-42BE-8C8B-26D471C3EFDE}.Debug|Any CPU.ActiveCfg = Debug|Any CPU
		{65E48BBD-0F93-42BE-8C8B-26D471C3EFDE}.Debug|Any CPU.Build.0 = Debug|Any CPU
		{65E48BBD-0F93-42BE-8C8B-26D471C3EFDE}.Release|Any CPU.ActiveCfg = Release|Any CPU
		{65E48BBD-0F93-42BE-8C8B-26D471C3EFDE}.Release|Any CPU.Build.0 = Release|Any CPU
		{F5F41A55-D147-40D8-B258-1C2A11503035}.Debug|Any CPU.ActiveCfg = Debug|Any CPU
		{F5F41A55-D147-40D8-B258-1C2A11503035}.Debug|Any CPU.Build.0 = Debug|Any CPU
		{F5F41A55-D147-40D8-B258-1C2A11503035}.Release|Any CPU.ActiveCfg = Release|Any CPU
		{F5F41A55-D147-40D8-B258-1C2A11503035}.Release|Any CPU.Build.0 = Release|Any CPU
		{DC8BCBE4-4C1B-41C7-BDF4-EACC5CA89D6B}.Debug|Any CPU.ActiveCfg = Debug|Any CPU
		{DC8BCBE4-4C1B-41C7-BDF4-EACC5CA89D6B}.Debug|Any CPU.Build.0 = Debug|Any CPU
		{DC8BCBE4-4C1B-41C7-BDF4-EACC5CA89D6B}.Release|Any CPU.ActiveCfg = Release|Any CPU
		{DC8BCBE4-4C1B-41C7-BDF4-EACC5CA89D6B}.Release|Any CPU.Build.0 = Release|Any CPU
		{2F940318-9B91-43EA-B1C9-36EA312C8BE3}.Debug|Any CPU.ActiveCfg = Debug|Any CPU
		{2F940318-9B91-43EA-B1C9-36EA312C8BE3}.Debug|Any CPU.Build.0 = Debug|Any CPU
		{2F940318-9B91-43EA-B1C9-36EA312C8BE3}.Release|Any CPU.ActiveCfg = Release|Any CPU
		{2F940318-9B91-43EA-B1C9-36EA312C8BE3}.Release|Any CPU.Build.0 = Release|Any CPU
		{17B5D6D9-0F98-4454-9DDC-56C4CCFA2029}.Debug|Any CPU.ActiveCfg = Debug|Any CPU
		{17B5D6D9-0F98-4454-9DDC-56C4CCFA2029}.Debug|Any CPU.Build.0 = Debug|Any CPU
		{17B5D6D9-0F98-4454-9DDC-56C4CCFA2029}.Release|Any CPU.ActiveCfg = Release|Any CPU
		{17B5D6D9-0F98-4454-9DDC-56C4CCFA2029}.Release|Any CPU.Build.0 = Release|Any CPU
		{A731276E-B546-409E-B60B-01E213646A8C}.Debug|Any CPU.ActiveCfg = Debug|Any CPU
		{A731276E-B546-409E-B60B-01E213646A8C}.Debug|Any CPU.Build.0 = Debug|Any CPU
		{A731276E-B546-409E-B60B-01E213646A8C}.Release|Any CPU.ActiveCfg = Release|Any CPU
		{A731276E-B546-409E-B60B-01E213646A8C}.Release|Any CPU.Build.0 = Release|Any CPU
		{5AC19DEC-E49D-46C6-94B6-2A58373C7B84}.Debug|Any CPU.ActiveCfg = Debug|Any CPU
		{5AC19DEC-E49D-46C6-94B6-2A58373C7B84}.Debug|Any CPU.Build.0 = Debug|Any CPU
		{5AC19DEC-E49D-46C6-94B6-2A58373C7B84}.Release|Any CPU.ActiveCfg = Release|Any CPU
		{5AC19DEC-E49D-46C6-94B6-2A58373C7B84}.Release|Any CPU.Build.0 = Release|Any CPU
		{42E32276-7598-43DB-9FED-682D011C5F02}.Debug|Any CPU.ActiveCfg = Debug|Any CPU
		{42E32276-7598-43DB-9FED-682D011C5F02}.Debug|Any CPU.Build.0 = Debug|Any CPU
		{42E32276-7598-43DB-9FED-682D011C5F02}.Release|Any CPU.ActiveCfg = Release|Any CPU
		{42E32276-7598-43DB-9FED-682D011C5F02}.Release|Any CPU.Build.0 = Release|Any CPU
		{14E761D4-6BA5-4AEF-B935-6F7633C9174C}.Debug|Any CPU.ActiveCfg = Debug|Any CPU
		{14E761D4-6BA5-4AEF-B935-6F7633C9174C}.Debug|Any CPU.Build.0 = Debug|Any CPU
		{14E761D4-6BA5-4AEF-B935-6F7633C9174C}.Release|Any CPU.ActiveCfg = Release|Any CPU
		{14E761D4-6BA5-4AEF-B935-6F7633C9174C}.Release|Any CPU.Build.0 = Release|Any CPU
		{FC4A1255-6CC9-48C5-811A-0007F2F535DE}.Debug|Any CPU.ActiveCfg = Debug|Any CPU
		{FC4A1255-6CC9-48C5-811A-0007F2F535DE}.Debug|Any CPU.Build.0 = Debug|Any CPU
		{FC4A1255-6CC9-48C5-811A-0007F2F535DE}.Release|Any CPU.ActiveCfg = Release|Any CPU
		{FC4A1255-6CC9-48C5-811A-0007F2F535DE}.Release|Any CPU.Build.0 = Release|Any CPU
		{A6040328-BDD7-4A3B-BA25-6254127DD3FA}.Debug|Any CPU.ActiveCfg = Debug|Any CPU
		{A6040328-BDD7-4A3B-BA25-6254127DD3FA}.Debug|Any CPU.Build.0 = Debug|Any CPU
		{A6040328-BDD7-4A3B-BA25-6254127DD3FA}.Release|Any CPU.ActiveCfg = Release|Any CPU
		{A6040328-BDD7-4A3B-BA25-6254127DD3FA}.Release|Any CPU.Build.0 = Release|Any CPU
		{4617B5FA-A707-43BA-A2FE-40493432EF34}.Debug|Any CPU.ActiveCfg = Debug|Any CPU
		{4617B5FA-A707-43BA-A2FE-40493432EF34}.Debug|Any CPU.Build.0 = Debug|Any CPU
		{4617B5FA-A707-43BA-A2FE-40493432EF34}.Release|Any CPU.ActiveCfg = Release|Any CPU
		{4617B5FA-A707-43BA-A2FE-40493432EF34}.Release|Any CPU.Build.0 = Release|Any CPU
		{A27FE9B2-4F7B-4B15-A35F-83CEDF310339}.Debug|Any CPU.ActiveCfg = Debug|Any CPU
		{A27FE9B2-4F7B-4B15-A35F-83CEDF310339}.Debug|Any CPU.Build.0 = Debug|Any CPU
		{A27FE9B2-4F7B-4B15-A35F-83CEDF310339}.Release|Any CPU.ActiveCfg = Release|Any CPU
		{A27FE9B2-4F7B-4B15-A35F-83CEDF310339}.Release|Any CPU.Build.0 = Release|Any CPU
		{8C235AEB-6E91-4A45-870B-62CCA6DA4D5D}.Debug|Any CPU.ActiveCfg = Debug|Any CPU
		{8C235AEB-6E91-4A45-870B-62CCA6DA4D5D}.Debug|Any CPU.Build.0 = Debug|Any CPU
		{8C235AEB-6E91-4A45-870B-62CCA6DA4D5D}.Release|Any CPU.ActiveCfg = Release|Any CPU
		{8C235AEB-6E91-4A45-870B-62CCA6DA4D5D}.Release|Any CPU.Build.0 = Release|Any CPU
		{7143271D-FC3D-419C-8BB3-5ADB387D4B7D}.Debug|Any CPU.ActiveCfg = Debug|Any CPU
		{7143271D-FC3D-419C-8BB3-5ADB387D4B7D}.Debug|Any CPU.Build.0 = Debug|Any CPU
		{7143271D-FC3D-419C-8BB3-5ADB387D4B7D}.Release|Any CPU.ActiveCfg = Release|Any CPU
		{7143271D-FC3D-419C-8BB3-5ADB387D4B7D}.Release|Any CPU.Build.0 = Release|Any CPU
		{F3ABABEC-EEE6-4BFD-9E4B-CD83E0062497}.Debug|Any CPU.ActiveCfg = Debug|Any CPU
		{F3ABABEC-EEE6-4BFD-9E4B-CD83E0062497}.Debug|Any CPU.Build.0 = Debug|Any CPU
		{F3ABABEC-EEE6-4BFD-9E4B-CD83E0062497}.Release|Any CPU.ActiveCfg = Release|Any CPU
		{F3ABABEC-EEE6-4BFD-9E4B-CD83E0062497}.Release|Any CPU.Build.0 = Release|Any CPU
		{17FF38B2-24F5-458F-A9C3-E6D06C7ACE09}.Debug|Any CPU.ActiveCfg = Debug|Any CPU
		{17FF38B2-24F5-458F-A9C3-E6D06C7ACE09}.Debug|Any CPU.Build.0 = Debug|Any CPU
		{17FF38B2-24F5-458F-A9C3-E6D06C7ACE09}.Release|Any CPU.ActiveCfg = Release|Any CPU
		{17FF38B2-24F5-458F-A9C3-E6D06C7ACE09}.Release|Any CPU.Build.0 = Release|Any CPU
		{A2AD2280-2A49-42AC-B5CF-3F7B39D9DF11}.Debug|Any CPU.ActiveCfg = Debug|Any CPU
		{A2AD2280-2A49-42AC-B5CF-3F7B39D9DF11}.Debug|Any CPU.Build.0 = Debug|Any CPU
		{A2AD2280-2A49-42AC-B5CF-3F7B39D9DF11}.Release|Any CPU.ActiveCfg = Release|Any CPU
		{A2AD2280-2A49-42AC-B5CF-3F7B39D9DF11}.Release|Any CPU.Build.0 = Release|Any CPU
		{9C3B6085-BEB7-44C2-A381-72A4C670AC07}.Debug|Any CPU.ActiveCfg = Debug|Any CPU
		{9C3B6085-BEB7-44C2-A381-72A4C670AC07}.Debug|Any CPU.Build.0 = Debug|Any CPU
		{9C3B6085-BEB7-44C2-A381-72A4C670AC07}.Release|Any CPU.ActiveCfg = Release|Any CPU
		{9C3B6085-BEB7-44C2-A381-72A4C670AC07}.Release|Any CPU.Build.0 = Release|Any CPU
		{BC0D8B4B-9933-4983-BF4C-179F298B77A5}.Debug|Any CPU.ActiveCfg = Debug|Any CPU
		{BC0D8B4B-9933-4983-BF4C-179F298B77A5}.Debug|Any CPU.Build.0 = Debug|Any CPU
		{BC0D8B4B-9933-4983-BF4C-179F298B77A5}.Release|Any CPU.ActiveCfg = Release|Any CPU
		{BC0D8B4B-9933-4983-BF4C-179F298B77A5}.Release|Any CPU.Build.0 = Release|Any CPU
		{59768D22-309E-4A3C-968F-3928F43E24BC}.Debug|Any CPU.ActiveCfg = Debug|Any CPU
		{59768D22-309E-4A3C-968F-3928F43E24BC}.Debug|Any CPU.Build.0 = Debug|Any CPU
		{59768D22-309E-4A3C-968F-3928F43E24BC}.Release|Any CPU.ActiveCfg = Release|Any CPU
		{59768D22-309E-4A3C-968F-3928F43E24BC}.Release|Any CPU.Build.0 = Release|Any CPU
	EndGlobalSection
EndGlobal
