
Microsoft Visual Studio Solution File, Format Version 12.00
Project("{2150E333-8FDC-42A3-9474-1A3956D46DE8}") = "Logger", "Logger", "{BC115CDA-FDE4-4C91-9F92-4EE68FD159F2}"
EndProject
Project("{2150E333-8FDC-42A3-9474-1A3956D46DE8}") = "nc09", "nc09", "{591B3A65-CE4C-4265-BB60-125032CA61BB}"
EndProject
Project("{2150E333-8FDC-42A3-9474-1A3956D46DE8}") = "Components", "Components", "{3B7DB1E3-C1FA-4A69-8F21-24F014AE2366}"
EndProject
Project("{FAE04EC0-301F-11D3-BF4B-00C04F79EFBC}") = "pvNugsLoggerNc9Abstractions", "src\Logger\nc09\Components\pvNugsLoggerNc9Abstractions\pvNugsLoggerNc9Abstractions.csproj", "{25E589B5-FC46-4502-8EFD-76E6706C568C}"
EndProject
Project("{FAE04EC0-301F-11D3-BF4B-00C04F79EFBC}") = "pvNugsLoggerNc9", "src\Logger\nc09\Components\pvNugsLoggerNc9\pvNugsLoggerNc9.csproj", "{C2A4FF27-84A9-4D36-AF6C-B0AC2F1A64B6}"
EndProject
Project("{2150E333-8FDC-42A3-9474-1A3956D46DE8}") = "EnumConv", "EnumConv", "{25915753-BC2B-4484-8BC1-B7AC5A52AEB4}"
EndProject
Project("{2150E333-8FDC-42A3-9474-1A3956D46DE8}") = "nc09", "nc09", "{2DF5C0C2-33E0-4B3C-B517-1086F31065B4}"
EndProject
Project("{2150E333-8FDC-42A3-9474-1A3956D46DE8}") = "Components", "Components", "{AD9D6353-F2B0-4A3A-9DAD-14DA3E948C44}"
EndProject
Project("{2150E333-8FDC-42A3-9474-1A3956D46DE8}") = "Testing", "Testing", "{FB660425-433B-404D-8109-D3F6ED1A97A7}"
EndProject
Project("{2150E333-8FDC-42A3-9474-1A3956D46DE8}") = "untTesting", "untTesting", "{6EA76435-1C66-48CE-891E-DB5F441C4B38}"
EndProject
Project("{FAE04EC0-301F-11D3-BF4B-00C04F79EFBC}") = "pvNugsEnumConvNc9", "src\EnumConv\nc09\Components\pvNugsEnumConvNc9\pvNugsEnumConvNc9.csproj", "{1362075F-385D-450E-9580-0A475F733417}"
EndProject
Project("{FAE04EC0-301F-11D3-BF4B-00C04F79EFBC}") = "pvNugsEnumConvNc9.ut", "src\EnumConv\nc09\Testing\untTesting\pvNugsEnumConvNc9.ut\pvNugsEnumConvNc9.ut.csproj", "{8036205E-7CD6-4796-9A81-4A504CA7A806}"
EndProject
Project("{FAE04EC0-301F-11D3-BF4B-00C04F79EFBC}") = "pvNugsLoggerNc9Seri", "src\Logger\nc09\Components\pvNugsLoggerNc9Seri\pvNugsLoggerNc9Seri.csproj", "{BD459784-AE83-4350-8FFD-A8518D89BEB1}"
EndProject
Project("{FAE04EC0-301F-11D3-BF4B-00C04F79EFBC}") = "pvNugsLoggerNc9ResWrapper", "src\Logger\nc09\Components\pvNugsLoggerNc9ResWrapper\pvNugsLoggerNc9ResWrapper.csproj", "{2B88123F-62A1-45F9-94E3-D9DE0D992100}"
EndProject
Project("{2150E333-8FDC-42A3-9474-1A3956D46DE8}") = "CsProvider", "CsProvider", "{61861067-0957-40BC-BCB6-A22DAC57CE16}"
EndProject
Project("{2150E333-8FDC-42A3-9474-1A3956D46DE8}") = "nc09", "nc09", "{FC76EE6D-61DB-481B-A3DF-8A0FE3145664}"
EndProject
Project("{2150E333-8FDC-42A3-9474-1A3956D46DE8}") = "Components", "Components", "{98BB0CEE-5132-4188-856F-E87A9F164C9C}"
EndProject
Project("{FAE04EC0-301F-11D3-BF4B-00C04F79EFBC}") = "pvNugsCsProviderNc9ByFunc", "src\CsProvider\nc09\Components\pvNugsCsProviderNc9ByFunc\pvNugsCsProviderNc9ByFunc.csproj", "{B5204B54-95D6-451D-8026-0AA709B17BA8}"
EndProject
Project("{FAE04EC0-301F-11D3-BF4B-00C04F79EFBC}") = "pvNugsCsProviderNc9PgSql", "src\CsProvider\nc09\Components\pvNugsCsProviderNc9PgSql\pvNugsCsProviderNc9PgSql.csproj", "{53CEDA5E-F2DD-4BC3-B318-FE268DE8F9D6}"
EndProject
Project("{2150E333-8FDC-42A3-9474-1A3956D46DE8}") = "SecretManager", "SecretManager", "{2AF6E8D4-9FA5-4A59-B35D-9A4BF916A22F}"
EndProject
Project("{2150E333-8FDC-42A3-9474-1A3956D46DE8}") = "nc09", "nc09", "{23F73E27-B270-4F1C-9A3F-89E740B31E78}"
EndProject
Project("{2150E333-8FDC-42A3-9474-1A3956D46DE8}") = "Components", "Components", "{D8BA6298-8A41-4A68-A85F-BF46C108C6AE}"
EndProject
Project("{FAE04EC0-301F-11D3-BF4B-00C04F79EFBC}") = "pvNugsSecretManagerNc9Azure", "src\SecretManager\nc09\Components\pvNugsSecretManagerNc9Azure\pvNugsSecretManagerNc9Azure.csproj", "{7E4CA92E-2ACA-4E75-9FBC-57FA1AA10905}"
EndProject
Project("{FAE04EC0-301F-11D3-BF4B-00C04F79EFBC}") = "pvNugsSecretManagerNc9Abstractions", "src\SecretManager\nc09\Components\pvNugsSecretManagerNc9Abstractions\pvNugsSecretManagerNc9Abstractions.csproj", "{F0E611C3-682B-4C4B-9431-B3A86CAD1831}"
EndProject
Project("{FAE04EC0-301F-11D3-BF4B-00C04F79EFBC}") = "pvNugsCsProviderNc9Abstractions", "src\CsProvider\nc09\Components\pvNugsCsProviderNc9Abstractions\pvNugsCsProviderNc9Abstractions.csproj", "{71C91A4E-97D2-4FF8-86A6-CA5D56716C65}"
EndProject
Project("{2150E333-8FDC-42A3-9474-1A3956D46DE8}") = "Testing", "Testing", "{2A4E76E9-7004-4E9C-A0B0-E4060E0A8AA1}"
EndProject
Project("{2150E333-8FDC-42A3-9474-1A3956D46DE8}") = "intTesting", "intTesting", "{92ED5103-7DB4-43FF-A908-9715F577E450}"
EndProject
Project("{FAE04EC0-301F-11D3-BF4B-00C04F79EFBC}") = "pvNugsSecretManagerNc9Azure.it", "src\SecretManager\nc09\Testing\intTesting\pvNugsSecretManagerNc9Azure.it\pvNugsSecretManagerNc9Azure.it.csproj", "{FBA50EDB-4209-4FB4-9F3E-D45B1D967D01}"
EndProject
Project("{2150E333-8FDC-42A3-9474-1A3956D46DE8}") = "Cache", "Cache", "{52504572-D333-4A73-86ED-4895E27C5DBF}"
EndProject
Project("{FAE04EC0-301F-11D3-BF4B-00C04F79EFBC}") = "pvNugsCacheNc9Abstractions", "src\Cache\nc09\Components\pvNugsCacheNc9Abstractions\pvNugsCacheNc9Abstractions.csproj", "{5B127204-49D5-4456-BD8E-10EF29452C7F}"
EndProject
Project("{FAE04EC0-301F-11D3-BF4B-00C04F79EFBC}") = "pvNugsCacheNc9Local", "src\Cache\nc09\Components\pvNugsCacheNc9Local\pvNugsCacheNc9Local.csproj", "{0B90EAAD-6F84-4DA5-A5C1-8FA2BB686BC4}"
EndProject
Project("{FAE04EC0-301F-11D3-BF4B-00C04F79EFBC}") = "pvNugsLoggerNc9MsSql", "src\Logger\nc09\Components\pvNugsLoggerNc9MsSql\pvNugsLoggerNc9MsSql.csproj", "{C27EDC1D-8C03-4FDA-AA60-B659CCE1CCC6}"
EndProject
Project("{FAE04EC0-301F-11D3-BF4B-00C04F79EFBC}") = "pvNugsCsProviderNc9MsSql", "src\CsProvider\nc09\Components\pvNugsCsProviderNc9MsSql\pvNugsCsProviderNc9MsSql.csproj", "{C5C9095C-BC6F-4C3E-84BD-E1347BEF0483}"
EndProject
Project("{2150E333-8FDC-42A3-9474-1A3956D46DE8}") = "Testing", "Testing", "{AACEB63B-B524-4F45-9237-0FBBB3C7EA3D}"
EndProject
Project("{2150E333-8FDC-42A3-9474-1A3956D46DE8}") = "intTesting", "intTesting", "{9A1AE67B-B2FE-4E9B-848A-C6B96D145C0B}"
EndProject
Project("{2150E333-8FDC-42A3-9474-1A3956D46DE8}") = "untTesting", "untTesting", "{BB76DCD9-D5CF-4B6C-AF3A-F3F567D3F19C}"
EndProject
Project("{FAE04EC0-301F-11D3-BF4B-00C04F79EFBC}") = "pvNugsCsProviderNc9PgSql.it", "src\CsProvider\nc09\Testing\intTesting\pvNugsCsProviderNc9PgSql.it\pvNugsCsProviderNc9PgSql.it.csproj", "{944B743F-8979-4354-B81C-F63A84AE3BF4}"
EndProject
Project("{FAE04EC0-301F-11D3-BF4B-00C04F79EFBC}") = "pvNugsSecretManagerNc9EnvVariables", "src\SecretManager\nc09\Components\pvNugsSecretManagerNc9EnvVariables\pvNugsSecretManagerNc9EnvVariables.csproj", "{D868BC9B-BAAC-4C40-A9DD-1EC93FCFEB77}"
EndProject
Project("{FAE04EC0-301F-11D3-BF4B-00C04F79EFBC}") = "pvNugsSecretManagerNc9EnvVariables.it", "src\SecretManager\nc09\Testing\intTesting\pvNugsSecretManagerNc9EnvVariables.it\pvNugsSecretManagerNc9EnvVariables.it.csproj", "{0BE42AAA-392B-4A1E-8AD0-6B21315421A8}"
EndProject
Project("{2150E333-8FDC-42A3-9474-1A3956D46DE8}") = "Testing", "Testing", "{E33A9AA4-047A-4530-AD07-18D1CC251DCC}"
EndProject
Project("{2150E333-8FDC-42A3-9474-1A3956D46DE8}") = "intTesting", "intTesting", "{EFAD7BFD-7495-4A37-BB66-82394026893C}"
EndProject
Project("{2150E333-8FDC-42A3-9474-1A3956D46DE8}") = "untTesting", "untTesting", "{03147CCA-76A2-4210-AA41-CAA4F62ADDD9}"
EndProject
Project("{FAE04EC0-301F-11D3-BF4B-00C04F79EFBC}") = "pvNugsLoggerNc9MsSql.it", "src\Logger\nc09\Testing\intTesting\pvNugsLoggerNc9MsSql.it\pvNugsLoggerNc9MsSql.it.csproj", "{31ECC0D9-594B-452C-BC21-1EB2F50CDADC}"
EndProject
Global
	GlobalSection(SolutionConfigurationPlatforms) = preSolution
		Debug|Any CPU = Debug|Any CPU
		Release|Any CPU = Release|Any CPU
	EndGlobalSection
	GlobalSection(NestedProjects) = preSolution
		{591B3A65-CE4C-4265-BB60-125032CA61BB} = {BC115CDA-FDE4-4C91-9F92-4EE68FD159F2}
		{3B7DB1E3-C1FA-4A69-8F21-24F014AE2366} = {591B3A65-CE4C-4265-BB60-125032CA61BB}
		{25E589B5-FC46-4502-8EFD-76E6706C568C} = {3B7DB1E3-C1FA-4A69-8F21-24F014AE2366}
		{C2A4FF27-84A9-4D36-AF6C-B0AC2F1A64B6} = {3B7DB1E3-C1FA-4A69-8F21-24F014AE2366}
		{2DF5C0C2-33E0-4B3C-B517-1086F31065B4} = {25915753-BC2B-4484-8BC1-B7AC5A52AEB4}
		{AD9D6353-F2B0-4A3A-9DAD-14DA3E948C44} = {2DF5C0C2-33E0-4B3C-B517-1086F31065B4}
		{FB660425-433B-404D-8109-D3F6ED1A97A7} = {2DF5C0C2-33E0-4B3C-B517-1086F31065B4}
		{6EA76435-1C66-48CE-891E-DB5F441C4B38} = {FB660425-433B-404D-8109-D3F6ED1A97A7}
		{1362075F-385D-450E-9580-0A475F733417} = {AD9D6353-F2B0-4A3A-9DAD-14DA3E948C44}
		{8036205E-7CD6-4796-9A81-4A504CA7A806} = {6EA76435-1C66-48CE-891E-DB5F441C4B38}
		{BD459784-AE83-4350-8FFD-A8518D89BEB1} = {3B7DB1E3-C1FA-4A69-8F21-24F014AE2366}
		{2B88123F-62A1-45F9-94E3-D9DE0D992100} = {3B7DB1E3-C1FA-4A69-8F21-24F014AE2366}
		{FC76EE6D-61DB-481B-A3DF-8A0FE3145664} = {61861067-0957-40BC-BCB6-A22DAC57CE16}
		{98BB0CEE-5132-4188-856F-E87A9F164C9C} = {FC76EE6D-61DB-481B-A3DF-8A0FE3145664}
		{B5204B54-95D6-451D-8026-0AA709B17BA8} = {98BB0CEE-5132-4188-856F-E87A9F164C9C}
		{53CEDA5E-F2DD-4BC3-B318-FE268DE8F9D6} = {98BB0CEE-5132-4188-856F-E87A9F164C9C}
		{23F73E27-B270-4F1C-9A3F-89E740B31E78} = {2AF6E8D4-9FA5-4A59-B35D-9A4BF916A22F}
		{D8BA6298-8A41-4A68-A85F-BF46C108C6AE} = {23F73E27-B270-4F1C-9A3F-89E740B31E78}
		{7E4CA92E-2ACA-4E75-9FBC-57FA1AA10905} = {D8BA6298-8A41-4A68-A85F-BF46C108C6AE}
		{F0E611C3-682B-4C4B-9431-B3A86CAD1831} = {D8BA6298-8A41-4A68-A85F-BF46C108C6AE}
		{71C91A4E-97D2-4FF8-86A6-CA5D56716C65} = {98BB0CEE-5132-4188-856F-E87A9F164C9C}
		{2A4E76E9-7004-4E9C-A0B0-E4060E0A8AA1} = {23F73E27-B270-4F1C-9A3F-89E740B31E78}
		{92ED5103-7DB4-43FF-A908-9715F577E450} = {2A4E76E9-7004-4E9C-A0B0-E4060E0A8AA1}
		{FBA50EDB-4209-4FB4-9F3E-D45B1D967D01} = {92ED5103-7DB4-43FF-A908-9715F577E450}
		{5B127204-49D5-4456-BD8E-10EF29452C7F} = {52504572-D333-4A73-86ED-4895E27C5DBF}
		{0B90EAAD-6F84-4DA5-A5C1-8FA2BB686BC4} = {52504572-D333-4A73-86ED-4895E27C5DBF}
		{C27EDC1D-8C03-4FDA-AA60-B659CCE1CCC6} = {3B7DB1E3-C1FA-4A69-8F21-24F014AE2366}
		{C5C9095C-BC6F-4C3E-84BD-E1347BEF0483} = {98BB0CEE-5132-4188-856F-E87A9F164C9C}
		{AACEB63B-B524-4F45-9237-0FBBB3C7EA3D} = {FC76EE6D-61DB-481B-A3DF-8A0FE3145664}
		{9A1AE67B-B2FE-4E9B-848A-C6B96D145C0B} = {AACEB63B-B524-4F45-9237-0FBBB3C7EA3D}
		{BB76DCD9-D5CF-4B6C-AF3A-F3F567D3F19C} = {AACEB63B-B524-4F45-9237-0FBBB3C7EA3D}
		{944B743F-8979-4354-B81C-F63A84AE3BF4} = {9A1AE67B-B2FE-4E9B-848A-C6B96D145C0B}
		{D868BC9B-BAAC-4C40-A9DD-1EC93FCFEB77} = {D8BA6298-8A41-4A68-A85F-BF46C108C6AE}
		{0BE42AAA-392B-4A1E-8AD0-6B21315421A8} = {92ED5103-7DB4-43FF-A908-9715F577E450}
		{E33A9AA4-047A-4530-AD07-18D1CC251DCC} = {591B3A65-CE4C-4265-BB60-125032CA61BB}
		{EFAD7BFD-7495-4A37-BB66-82394026893C} = {E33A9AA4-047A-4530-AD07-18D1CC251DCC}
		{03147CCA-76A2-4210-AA41-CAA4F62ADDD9} = {E33A9AA4-047A-4530-AD07-18D1CC251DCC}
		{31ECC0D9-594B-452C-BC21-1EB2F50CDADC} = {EFAD7BFD-7495-4A37-BB66-82394026893C}
	EndGlobalSection
	GlobalSection(ProjectConfigurationPlatforms) = postSolution
		{25E589B5-FC46-4502-8EFD-76E6706C568C}.Debug|Any CPU.ActiveCfg = Debug|Any CPU
		{25E589B5-FC46-4502-8EFD-76E6706C568C}.Debug|Any CPU.Build.0 = Debug|Any CPU
		{25E589B5-FC46-4502-8EFD-76E6706C568C}.Release|Any CPU.ActiveCfg = Release|Any CPU
		{25E589B5-FC46-4502-8EFD-76E6706C568C}.Release|Any CPU.Build.0 = Release|Any CPU
		{C2A4FF27-84A9-4D36-AF6C-B0AC2F1A64B6}.Debug|Any CPU.ActiveCfg = Debug|Any CPU
		{C2A4FF27-84A9-4D36-AF6C-B0AC2F1A64B6}.Debug|Any CPU.Build.0 = Debug|Any CPU
		{C2A4FF27-84A9-4D36-AF6C-B0AC2F1A64B6}.Release|Any CPU.ActiveCfg = Release|Any CPU
		{C2A4FF27-84A9-4D36-AF6C-B0AC2F1A64B6}.Release|Any CPU.Build.0 = Release|Any CPU
		{1362075F-385D-450E-9580-0A475F733417}.Debug|Any CPU.ActiveCfg = Debug|Any CPU
		{1362075F-385D-450E-9580-0A475F733417}.Debug|Any CPU.Build.0 = Debug|Any CPU
		{1362075F-385D-450E-9580-0A475F733417}.Release|Any CPU.ActiveCfg = Release|Any CPU
		{1362075F-385D-450E-9580-0A475F733417}.Release|Any CPU.Build.0 = Release|Any CPU
		{8036205E-7CD6-4796-9A81-4A504CA7A806}.Debug|Any CPU.ActiveCfg = Debug|Any CPU
		{8036205E-7CD6-4796-9A81-4A504CA7A806}.Debug|Any CPU.Build.0 = Debug|Any CPU
		{8036205E-7CD6-4796-9A81-4A504CA7A806}.Release|Any CPU.ActiveCfg = Release|Any CPU
		{8036205E-7CD6-4796-9A81-4A504CA7A806}.Release|Any CPU.Build.0 = Release|Any CPU
		{BD459784-AE83-4350-8FFD-A8518D89BEB1}.Debug|Any CPU.ActiveCfg = Debug|Any CPU
		{BD459784-AE83-4350-8FFD-A8518D89BEB1}.Debug|Any CPU.Build.0 = Debug|Any CPU
		{BD459784-AE83-4350-8FFD-A8518D89BEB1}.Release|Any CPU.ActiveCfg = Release|Any CPU
		{BD459784-AE83-4350-8FFD-A8518D89BEB1}.Release|Any CPU.Build.0 = Release|Any CPU
		{2B88123F-62A1-45F9-94E3-D9DE0D992100}.Debug|Any CPU.ActiveCfg = Debug|Any CPU
		{2B88123F-62A1-45F9-94E3-D9DE0D992100}.Debug|Any CPU.Build.0 = Debug|Any CPU
		{2B88123F-62A1-45F9-94E3-D9DE0D992100}.Release|Any CPU.ActiveCfg = Release|Any CPU
		{2B88123F-62A1-45F9-94E3-D9DE0D992100}.Release|Any CPU.Build.0 = Release|Any CPU
		{B5204B54-95D6-451D-8026-0AA709B17BA8}.Debug|Any CPU.ActiveCfg = Debug|Any CPU
		{B5204B54-95D6-451D-8026-0AA709B17BA8}.Debug|Any CPU.Build.0 = Debug|Any CPU
		{B5204B54-95D6-451D-8026-0AA709B17BA8}.Release|Any CPU.ActiveCfg = Release|Any CPU
		{B5204B54-95D6-451D-8026-0AA709B17BA8}.Release|Any CPU.Build.0 = Release|Any CPU
		{53CEDA5E-F2DD-4BC3-B318-FE268DE8F9D6}.Debug|Any CPU.ActiveCfg = Debug|Any CPU
		{53CEDA5E-F2DD-4BC3-B318-FE268DE8F9D6}.Debug|Any CPU.Build.0 = Debug|Any CPU
		{53CEDA5E-F2DD-4BC3-B318-FE268DE8F9D6}.Release|Any CPU.ActiveCfg = Release|Any CPU
		{53CEDA5E-F2DD-4BC3-B318-FE268DE8F9D6}.Release|Any CPU.Build.0 = Release|Any CPU
		{7E4CA92E-2ACA-4E75-9FBC-57FA1AA10905}.Debug|Any CPU.ActiveCfg = Debug|Any CPU
		{7E4CA92E-2ACA-4E75-9FBC-57FA1AA10905}.Debug|Any CPU.Build.0 = Debug|Any CPU
		{7E4CA92E-2ACA-4E75-9FBC-57FA1AA10905}.Release|Any CPU.ActiveCfg = Release|Any CPU
		{7E4CA92E-2ACA-4E75-9FBC-57FA1AA10905}.Release|Any CPU.Build.0 = Release|Any CPU
		{F0E611C3-682B-4C4B-9431-B3A86CAD1831}.Debug|Any CPU.ActiveCfg = Debug|Any CPU
		{F0E611C3-682B-4C4B-9431-B3A86CAD1831}.Debug|Any CPU.Build.0 = Debug|Any CPU
		{F0E611C3-682B-4C4B-9431-B3A86CAD1831}.Release|Any CPU.ActiveCfg = Release|Any CPU
		{F0E611C3-682B-4C4B-9431-B3A86CAD1831}.Release|Any CPU.Build.0 = Release|Any CPU
		{71C91A4E-97D2-4FF8-86A6-CA5D56716C65}.Debug|Any CPU.ActiveCfg = Debug|Any CPU
		{71C91A4E-97D2-4FF8-86A6-CA5D56716C65}.Debug|Any CPU.Build.0 = Debug|Any CPU
		{71C91A4E-97D2-4FF8-86A6-CA5D56716C65}.Release|Any CPU.ActiveCfg = Release|Any CPU
		{71C91A4E-97D2-4FF8-86A6-CA5D56716C65}.Release|Any CPU.Build.0 = Release|Any CPU
		{FBA50EDB-4209-4FB4-9F3E-D45B1D967D01}.Debug|Any CPU.ActiveCfg = Debug|Any CPU
		{FBA50EDB-4209-4FB4-9F3E-D45B1D967D01}.Debug|Any CPU.Build.0 = Debug|Any CPU
		{FBA50EDB-4209-4FB4-9F3E-D45B1D967D01}.Release|Any CPU.ActiveCfg = Release|Any CPU
		{FBA50EDB-4209-4FB4-9F3E-D45B1D967D01}.Release|Any CPU.Build.0 = Release|Any CPU
		{5B127204-49D5-4456-BD8E-10EF29452C7F}.Debug|Any CPU.ActiveCfg = Debug|Any CPU
		{5B127204-49D5-4456-BD8E-10EF29452C7F}.Debug|Any CPU.Build.0 = Debug|Any CPU
		{5B127204-49D5-4456-BD8E-10EF29452C7F}.Release|Any CPU.ActiveCfg = Release|Any CPU
		{5B127204-49D5-4456-BD8E-10EF29452C7F}.Release|Any CPU.Build.0 = Release|Any CPU
		{0B90EAAD-6F84-4DA5-A5C1-8FA2BB686BC4}.Debug|Any CPU.ActiveCfg = Debug|Any CPU
		{0B90EAAD-6F84-4DA5-A5C1-8FA2BB686BC4}.Debug|Any CPU.Build.0 = Debug|Any CPU
		{0B90EAAD-6F84-4DA5-A5C1-8FA2BB686BC4}.Release|Any CPU.ActiveCfg = Release|Any CPU
		{0B90EAAD-6F84-4DA5-A5C1-8FA2BB686BC4}.Release|Any CPU.Build.0 = Release|Any CPU
		{C27EDC1D-8C03-4FDA-AA60-B659CCE1CCC6}.Debug|Any CPU.ActiveCfg = Debug|Any CPU
		{C27EDC1D-8C03-4FDA-AA60-B659CCE1CCC6}.Debug|Any CPU.Build.0 = Debug|Any CPU
		{C27EDC1D-8C03-4FDA-AA60-B659CCE1CCC6}.Release|Any CPU.ActiveCfg = Release|Any CPU
		{C27EDC1D-8C03-4FDA-AA60-B659CCE1CCC6}.Release|Any CPU.Build.0 = Release|Any CPU
		{C5C9095C-BC6F-4C3E-84BD-E1347BEF0483}.Debug|Any CPU.ActiveCfg = Debug|Any CPU
		{C5C9095C-BC6F-4C3E-84BD-E1347BEF0483}.Debug|Any CPU.Build.0 = Debug|Any CPU
		{C5C9095C-BC6F-4C3E-84BD-E1347BEF0483}.Release|Any CPU.ActiveCfg = Release|Any CPU
		{C5C9095C-BC6F-4C3E-84BD-E1347BEF0483}.Release|Any CPU.Build.0 = Release|Any CPU
		{944B743F-8979-4354-B81C-F63A84AE3BF4}.Debug|Any CPU.ActiveCfg = Debug|Any CPU
		{944B743F-8979-4354-B81C-F63A84AE3BF4}.Debug|Any CPU.Build.0 = Debug|Any CPU
		{944B743F-8979-4354-B81C-F63A84AE3BF4}.Release|Any CPU.ActiveCfg = Release|Any CPU
		{944B743F-8979-4354-B81C-F63A84AE3BF4}.Release|Any CPU.Build.0 = Release|Any CPU
		{D868BC9B-BAAC-4C40-A9DD-1EC93FCFEB77}.Debug|Any CPU.ActiveCfg = Debug|Any CPU
		{D868BC9B-BAAC-4C40-A9DD-1EC93FCFEB77}.Debug|Any CPU.Build.0 = Debug|Any CPU
		{D868BC9B-BAAC-4C40-A9DD-1EC93FCFEB77}.Release|Any CPU.ActiveCfg = Release|Any CPU
		{D868BC9B-BAAC-4C40-A9DD-1EC93FCFEB77}.Release|Any CPU.Build.0 = Release|Any CPU
		{0BE42AAA-392B-4A1E-8AD0-6B21315421A8}.Debug|Any CPU.ActiveCfg = Debug|Any CPU
		{0BE42AAA-392B-4A1E-8AD0-6B21315421A8}.Debug|Any CPU.Build.0 = Debug|Any CPU
		{0BE42AAA-392B-4A1E-8AD0-6B21315421A8}.Release|Any CPU.ActiveCfg = Release|Any CPU
		{0BE42AAA-392B-4A1E-8AD0-6B21315421A8}.Release|Any CPU.Build.0 = Release|Any CPU
		{31ECC0D9-594B-452C-BC21-1EB2F50CDADC}.Debug|Any CPU.ActiveCfg = Debug|Any CPU
		{31ECC0D9-594B-452C-BC21-1EB2F50CDADC}.Debug|Any CPU.Build.0 = Debug|Any CPU
		{31ECC0D9-594B-452C-BC21-1EB2F50CDADC}.Release|Any CPU.ActiveCfg = Release|Any CPU
		{31ECC0D9-594B-452C-BC21-1EB2F50CDADC}.Release|Any CPU.Build.0 = Release|Any CPU
	EndGlobalSection
EndGlobal
