
Microsoft Visual Studio Solution File, Format Version 12.00
Project("{2150E333-8FDC-42A3-9474-1A3956D46DE8}") = "Logger", "Logger", "{BC115CDA-FDE4-4C91-9F92-4EE68FD159F2}"
EndProject
Project("{2150E333-8FDC-42A3-9474-1A3956D46DE8}") = "nc09", "nc09", "{591B3A65-CE4C-4265-BB60-125032CA61BB}"
EndProject
Project("{2150E333-8FDC-42A3-9474-1A3956D46DE8}") = "Components", "Components", "{3B7DB1E3-C1FA-4A69-8F21-24F014AE2366}"
EndProject
Project("{FAE04EC0-301F-11D3-BF4B-00C04F79EFBC}") = "pvNugsLoggerNc9Abstractions", "src\Logger\nc09\Components\pvNugsLoggerNc9Abstractions\pvNugsLoggerNc9Abstractions.csproj", "{25E589B5-FC46-4502-8EFD-76E6706C568C}"
EndProject
Project("{FAE04EC0-301F-11D3-BF4B-00C04F79EFBC}") = "pvNugsLoggerNc9", "src\Logger\nc09\Components\pvNugsLoggerNc9\pvNugsLoggerNc9.csproj", "{C2A4FF27-84A9-4D36-AF6C-B0AC2F1A64B6}"
EndProject
Project("{2150E333-8FDC-42A3-9474-1A3956D46DE8}") = "EnumConv", "EnumConv", "{25915753-BC2B-4484-8BC1-B7AC5A52AEB4}"
EndProject
Project("{2150E333-8FDC-42A3-9474-1A3956D46DE8}") = "nc09", "nc09", "{2DF5C0C2-33E0-4B3C-B517-1086F31065B4}"
EndProject
Project("{2150E333-8FDC-42A3-9474-1A3956D46DE8}") = "Components", "Components", "{AD9D6353-F2B0-4A3A-9DAD-14DA3E948C44}"
EndProject
Project("{2150E333-8FDC-42A3-9474-1A3956D46DE8}") = "Testing", "Testing", "{FB660425-433B-404D-8109-D3F6ED1A97A7}"
EndProject
Project("{2150E333-8FDC-42A3-9474-1A3956D46DE8}") = "untTesting", "untTesting", "{6EA76435-1C66-48CE-891E-DB5F441C4B38}"
EndProject
Project("{FAE04EC0-301F-11D3-BF4B-00C04F79EFBC}") = "pvNugsEnumConvNc9", "src\EnumConv\nc09\Components\pvNugsEnumConvNc9\pvNugsEnumConvNc9.csproj", "{1362075F-385D-450E-9580-0A475F733417}"
EndProject
Project("{FAE04EC0-301F-11D3-BF4B-00C04F79EFBC}") = "pvNugsEnumConvNc9.ut", "src\EnumConv\nc09\Testing\untTesting\pvNugsEnumConvNc9.ut\pvNugsEnumConvNc9.ut.csproj", "{8036205E-7CD6-4796-9A81-4A504CA7A806}"
EndProject
Project("{FAE04EC0-301F-11D3-BF4B-00C04F79EFBC}") = "pvNugsLoggerNc9Seri", "src\Logger\nc09\Components\pvNugsLoggerNc9Seri\pvNugsLoggerNc9Seri.csproj", "{BD459784-AE83-4350-8FFD-A8518D89BEB1}"
EndProject
Project("{FAE04EC0-301F-11D3-BF4B-00C04F79EFBC}") = "pvNugsLoggerNc9ResWrapper", "src\Logger\nc09\Components\pvNugsLoggerNc9ResWrapper\pvNugsLoggerNc9ResWrapper.csproj", "{2B88123F-62A1-45F9-94E3-D9DE0D992100}"
EndProject
Project("{2150E333-8FDC-42A3-9474-1A3956D46DE8}") = "CsProvider", "CsProvider", "{61861067-0957-40BC-BCB6-A22DAC57CE16}"
EndProject
Project("{2150E333-8FDC-42A3-9474-1A3956D46DE8}") = "nc09", "nc09", "{FC76EE6D-61DB-481B-A3DF-8A0FE3145664}"
EndProject
Project("{2150E333-8FDC-42A3-9474-1A3956D46DE8}") = "Components", "Components", "{98BB0CEE-5132-4188-856F-E87A9F164C9C}"
EndProject
Project("{FAE04EC0-301F-11D3-BF4B-00C04F79EFBC}") = "pvNugsCsProviderNc9Abstractions", "pvNugsCsProviderNc9Abstractions\pvNugsCsProviderNc9Abstractions.csproj", "{0F09AE35-E319-4EEA-85B0-CD0CC56B9D27}"
EndProject
Project("{FAE04EC0-301F-11D3-BF4B-00C04F79EFBC}") = "pvNugsCsProviderNc9ByFunc", "src\CsProvider\nc09\Components\pvNugsCsProviderNc9ByFunc\pvNugsCsProviderNc9ByFunc.csproj", "{B5204B54-95D6-451D-8026-0AA709B17BA8}"
EndProject
Project("{FAE04EC0-301F-11D3-BF4B-00C04F79EFBC}") = "pvNugsCsProviderNc9PgSql", "src\CsProvider\nc09\Components\pvNugsCsProviderNc9PgSql\pvNugsCsProviderNc9PgSql.csproj", "{53CEDA5E-F2DD-4BC3-B318-FE268DE8F9D6}"
EndProject
Global
	GlobalSection(SolutionConfigurationPlatforms) = preSolution
		Debug|Any CPU = Debug|Any CPU
		Release|Any CPU = Release|Any CPU
	EndGlobalSection
	GlobalSection(NestedProjects) = preSolution
		{591B3A65-CE4C-4265-BB60-125032CA61BB} = {BC115CDA-FDE4-4C91-9F92-4EE68FD159F2}
		{3B7DB1E3-C1FA-4A69-8F21-24F014AE2366} = {591B3A65-CE4C-4265-BB60-125032CA61BB}
		{25E589B5-FC46-4502-8EFD-76E6706C568C} = {3B7DB1E3-C1FA-4A69-8F21-24F014AE2366}
		{C2A4FF27-84A9-4D36-AF6C-B0AC2F1A64B6} = {3B7DB1E3-C1FA-4A69-8F21-24F014AE2366}
		{2DF5C0C2-33E0-4B3C-B517-1086F31065B4} = {25915753-BC2B-4484-8BC1-B7AC5A52AEB4}
		{AD9D6353-F2B0-4A3A-9DAD-14DA3E948C44} = {2DF5C0C2-33E0-4B3C-B517-1086F31065B4}
		{FB660425-433B-404D-8109-D3F6ED1A97A7} = {2DF5C0C2-33E0-4B3C-B517-1086F31065B4}
		{6EA76435-1C66-48CE-891E-DB5F441C4B38} = {FB660425-433B-404D-8109-D3F6ED1A97A7}
		{1362075F-385D-450E-9580-0A475F733417} = {AD9D6353-F2B0-4A3A-9DAD-14DA3E948C44}
		{8036205E-7CD6-4796-9A81-4A504CA7A806} = {6EA76435-1C66-48CE-891E-DB5F441C4B38}
		{BD459784-AE83-4350-8FFD-A8518D89BEB1} = {3B7DB1E3-C1FA-4A69-8F21-24F014AE2366}
		{2B88123F-62A1-45F9-94E3-D9DE0D992100} = {3B7DB1E3-C1FA-4A69-8F21-24F014AE2366}
		{FC76EE6D-61DB-481B-A3DF-8A0FE3145664} = {61861067-0957-40BC-BCB6-A22DAC57CE16}
		{98BB0CEE-5132-4188-856F-E87A9F164C9C} = {FC76EE6D-61DB-481B-A3DF-8A0FE3145664}
		{0F09AE35-E319-4EEA-85B0-CD0CC56B9D27} = {98BB0CEE-5132-4188-856F-E87A9F164C9C}
		{B5204B54-95D6-451D-8026-0AA709B17BA8} = {98BB0CEE-5132-4188-856F-E87A9F164C9C}
		{53CEDA5E-F2DD-4BC3-B318-FE268DE8F9D6} = {98BB0CEE-5132-4188-856F-E87A9F164C9C}
	EndGlobalSection
	GlobalSection(ProjectConfigurationPlatforms) = postSolution
		{25E589B5-FC46-4502-8EFD-76E6706C568C}.Debug|Any CPU.ActiveCfg = Debug|Any CPU
		{25E589B5-FC46-4502-8EFD-76E6706C568C}.Debug|Any CPU.Build.0 = Debug|Any CPU
		{25E589B5-FC46-4502-8EFD-76E6706C568C}.Release|Any CPU.ActiveCfg = Release|Any CPU
		{25E589B5-FC46-4502-8EFD-76E6706C568C}.Release|Any CPU.Build.0 = Release|Any CPU
		{C2A4FF27-84A9-4D36-AF6C-B0AC2F1A64B6}.Debug|Any CPU.ActiveCfg = Debug|Any CPU
		{C2A4FF27-84A9-4D36-AF6C-B0AC2F1A64B6}.Debug|Any CPU.Build.0 = Debug|Any CPU
		{C2A4FF27-84A9-4D36-AF6C-B0AC2F1A64B6}.Release|Any CPU.ActiveCfg = Release|Any CPU
		{C2A4FF27-84A9-4D36-AF6C-B0AC2F1A64B6}.Release|Any CPU.Build.0 = Release|Any CPU
		{1362075F-385D-450E-9580-0A475F733417}.Debug|Any CPU.ActiveCfg = Debug|Any CPU
		{1362075F-385D-450E-9580-0A475F733417}.Debug|Any CPU.Build.0 = Debug|Any CPU
		{1362075F-385D-450E-9580-0A475F733417}.Release|Any CPU.ActiveCfg = Release|Any CPU
		{1362075F-385D-450E-9580-0A475F733417}.Release|Any CPU.Build.0 = Release|Any CPU
		{8036205E-7CD6-4796-9A81-4A504CA7A806}.Debug|Any CPU.ActiveCfg = Debug|Any CPU
		{8036205E-7CD6-4796-9A81-4A504CA7A806}.Debug|Any CPU.Build.0 = Debug|Any CPU
		{8036205E-7CD6-4796-9A81-4A504CA7A806}.Release|Any CPU.ActiveCfg = Release|Any CPU
		{8036205E-7CD6-4796-9A81-4A504CA7A806}.Release|Any CPU.Build.0 = Release|Any CPU
		{BD459784-AE83-4350-8FFD-A8518D89BEB1}.Debug|Any CPU.ActiveCfg = Debug|Any CPU
		{BD459784-AE83-4350-8FFD-A8518D89BEB1}.Debug|Any CPU.Build.0 = Debug|Any CPU
		{BD459784-AE83-4350-8FFD-A8518D89BEB1}.Release|Any CPU.ActiveCfg = Release|Any CPU
		{BD459784-AE83-4350-8FFD-A8518D89BEB1}.Release|Any CPU.Build.0 = Release|Any CPU
		{2B88123F-62A1-45F9-94E3-D9DE0D992100}.Debug|Any CPU.ActiveCfg = Debug|Any CPU
		{2B88123F-62A1-45F9-94E3-D9DE0D992100}.Debug|Any CPU.Build.0 = Debug|Any CPU
		{2B88123F-62A1-45F9-94E3-D9DE0D992100}.Release|Any CPU.ActiveCfg = Release|Any CPU
		{2B88123F-62A1-45F9-94E3-D9DE0D992100}.Release|Any CPU.Build.0 = Release|Any CPU
		{0F09AE35-E319-4EEA-85B0-CD0CC56B9D27}.Debug|Any CPU.ActiveCfg = Debug|Any CPU
		{0F09AE35-E319-4EEA-85B0-CD0CC56B9D27}.Debug|Any CPU.Build.0 = Debug|Any CPU
		{0F09AE35-E319-4EEA-85B0-CD0CC56B9D27}.Release|Any CPU.ActiveCfg = Release|Any CPU
		{0F09AE35-E319-4EEA-85B0-CD0CC56B9D27}.Release|Any CPU.Build.0 = Release|Any CPU
		{B5204B54-95D6-451D-8026-0AA709B17BA8}.Debug|Any CPU.ActiveCfg = Debug|Any CPU
		{B5204B54-95D6-451D-8026-0AA709B17BA8}.Debug|Any CPU.Build.0 = Debug|Any CPU
		{B5204B54-95D6-451D-8026-0AA709B17BA8}.Release|Any CPU.ActiveCfg = Release|Any CPU
		{B5204B54-95D6-451D-8026-0AA709B17BA8}.Release|Any CPU.Build.0 = Release|Any CPU
		{53CEDA5E-F2DD-4BC3-B318-FE268DE8F9D6}.Debug|Any CPU.ActiveCfg = Debug|Any CPU
		{53CEDA5E-F2DD-4BC3-B318-FE268DE8F9D6}.Debug|Any CPU.Build.0 = Debug|Any CPU
		{53CEDA5E-F2DD-4BC3-B318-FE268DE8F9D6}.Release|Any CPU.ActiveCfg = Release|Any CPU
		{53CEDA5E-F2DD-4BC3-B318-FE268DE8F9D6}.Release|Any CPU.Build.0 = Release|Any CPU
	EndGlobalSection
EndGlobal
